<?xml version="1.0" encoding="utf-8"?>
<Project ToolsVersion="4.0" xmlns="http://schemas.microsoft.com/developer/msbuild/2003">
  <ItemGroup>
    <Filter Include="Source Files">
      <UniqueIdentifier>{4FC737F1-C7A5-4376-A066-2A32D752A2FF}</UniqueIdentifier>
      <Extensions>cpp;c;cc;cxx;def;odl;idl;hpj;bat;asm;asmx</Extensions>
    </Filter>
    <Filter Include="Header Files">
      <UniqueIdentifier>{93995380-89BD-4b04-88EB-625FBE52EBFB}</UniqueIdentifier>
      <Extensions>h;hh;hpp;hxx;hm;inl;inc;ipp;xsd</Extensions>
    </Filter>
    <Filter Include="Resource Files">
      <UniqueIdentifier>{67DA6AB6-F800-4c08-8B7A-83BB121AAD01}</UniqueIdentifier>
      <Extensions>rc;ico;cur;bmp;dlg;rc2;rct;bin;rgs;gif;jpg;jpeg;jpe;resx;tiff;tif;png;wav;mfcribbon-ms</Extensions>
    </Filter>
    <Filter Include="Header Files\RasterizedMass">
      <UniqueIdentifier>{ac30e352-46f5-4551-af03-aab3ce93db78}</UniqueIdentifier>
    </Filter>
    <Filter Include="Source Files\RasterizedMass">
      <UniqueIdentifier>{45d62af0-b47d-4c44-9287-7900b3f722ed}</UniqueIdentifier>
    </Filter>
    <Filter Include="Header Files\Atlas">
      <UniqueIdentifier>{efb8aae0-ff9a-4163-823a-3a8e69c1353c}</UniqueIdentifier>
    </Filter>
    <Filter Include="Source Files\Atlas">
      <UniqueIdentifier>{9a36f338-7a40-4d29-aaee-5fedc3a772aa}</UniqueIdentifier>
    </Filter>
    <Filter Include="Header Files\Coplanar">
      <UniqueIdentifier>{a4a08d1c-0ae2-4aee-9876-3ff46289b248}</UniqueIdentifier>
    </Filter>
    <Filter Include="Source Files\Coplanar">
      <UniqueIdentifier>{cf71070a-78f5-4f01-ac9d-1d18e16e2771}</UniqueIdentifier>
    </Filter>
    <Filter Include="Header Files\SolublePoly">
      <UniqueIdentifier>{61d7a015-2ae4-4923-beaa-6ba6ac89abd6}</UniqueIdentifier>
    </Filter>
    <Filter Include="Source Files\SolublePoly">
      <UniqueIdentifier>{1269e5eb-0b5e-443b-ad99-37687506acb0}</UniqueIdentifier>
    </Filter>
    <Filter Include="Header Files\MassZone">
      <UniqueIdentifier>{13889b7f-1cf8-4dd7-8231-a32941aa1fb5}</UniqueIdentifier>
    </Filter>
    <Filter Include="Source Files\MassZone">
      <UniqueIdentifier>{a9ca4dd0-5e2a-4296-994f-1003d0404791}</UniqueIdentifier>
    </Filter>
    <Filter Include="Header Files\ShaderMachines">
      <UniqueIdentifier>{58d2721e-9b49-4f8b-9241-00957e3bfb74}</UniqueIdentifier>
    </Filter>
    <Filter Include="Source Files\ShaderMachines">
      <UniqueIdentifier>{ffc63e21-22fa-4ec0-bef9-ec3e2f3a6e2a}</UniqueIdentifier>
    </Filter>
    <Filter Include="Header Files\ShaderMachines\Gears">
      <UniqueIdentifier>{b23d351f-391c-4ab0-8e4b-ac8ff603b893}</UniqueIdentifier>
    </Filter>
    <Filter Include="Source Files\ShaderMachines\Gears">
      <UniqueIdentifier>{eb90b541-3e9f-491f-b418-443eff23d65f}</UniqueIdentifier>
    </Filter>
    <Filter Include="Header Files\SolublePoly\Fusion">
      <UniqueIdentifier>{1e58a462-4e05-45e9-a740-bd6c58315bf0}</UniqueIdentifier>
    </Filter>
    <Filter Include="Source Files\SolublePoly\Fusion">
      <UniqueIdentifier>{198f4cec-5773-4ca1-8ba3-3927039f0ca7}</UniqueIdentifier>
    </Filter>
    <Filter Include="Header Files\Quaternions">
      <UniqueIdentifier>{e4463c5c-a567-4d0c-9691-dc9d0a8013f6}</UniqueIdentifier>
    </Filter>
    <Filter Include="Source Files\Quaternions">
      <UniqueIdentifier>{1d2dc3f0-bc6d-4d6d-bc1c-46e6154aa7eb}</UniqueIdentifier>
    </Filter>
    <Filter Include="Header Files\SliceScanner">
      <UniqueIdentifier>{8825d415-0315-496d-9854-9a5366dfcd72}</UniqueIdentifier>
    </Filter>
    <Filter Include="Header Files\SolublePoly\SPolyResolution">
      <UniqueIdentifier>{8c0c029e-4c78-46d3-99d8-6efc60a43535}</UniqueIdentifier>
    </Filter>
    <Filter Include="Source Files\SolublePoly\SPolyResolution">
      <UniqueIdentifier>{cd1067e0-024e-4694-9e65-9777c26a24a3}</UniqueIdentifier>
    </Filter>
    <Filter Include="Header Files\SolublePoly\SPolyResolution\FaceResolvers">
      <UniqueIdentifier>{11d51f94-bfb2-4d46-a89c-932d54b41a16}</UniqueIdentifier>
    </Filter>
    <Filter Include="Source Files\SolublePoly\SPolyResolution\FaceResolvers">
      <UniqueIdentifier>{fbff7dc5-ff47-4883-8642-b1e8bc695d82}</UniqueIdentifier>
    </Filter>
    <Filter Include="Header Files\Shader">
      <UniqueIdentifier>{bf61597d-9196-4ac8-842b-da1a68db963d}</UniqueIdentifier>
    </Filter>
    <Filter Include="Source Files\Shader">
      <UniqueIdentifier>{40a4379a-8434-402f-be53-fb423f609b94}</UniqueIdentifier>
    </Filter>
    <Filter Include="Header Files\ImGui">
      <UniqueIdentifier>{4b9e6d72-114c-4857-881a-9ae3d9681b4b}</UniqueIdentifier>
    </Filter>
    <Filter Include="Source Files\ImGui">
      <UniqueIdentifier>{b673d85b-eadc-4980-bae8-5a1e9f2807cf}</UniqueIdentifier>
    </Filter>
    <Filter Include="Header Files\TimeBased">
      <UniqueIdentifier>{cb7ecd53-485d-4b1b-b690-4850d27a74ce}</UniqueIdentifier>
    </Filter>
    <Filter Include="Header Files\TimeBased\Wave">
      <UniqueIdentifier>{cfa09f02-28eb-4e1f-a3d8-c368abbd6697}</UniqueIdentifier>
    </Filter>
    <Filter Include="Source Files\TimeBased">
      <UniqueIdentifier>{3eee0533-77bf-4bd2-bbd6-b1624efed394}</UniqueIdentifier>
    </Filter>
    <Filter Include="Source Files\TimeBased\Wave">
      <UniqueIdentifier>{2f14ff99-738c-4315-8d29-6512bbfa48b9}</UniqueIdentifier>
    </Filter>
    <Filter Include="Source Files\TimeBased\Wave\Sin">
      <UniqueIdentifier>{ab865398-e3e4-4180-b331-d36fa60891d6}</UniqueIdentifier>
    </Filter>
    <Filter Include="Header Files\TimeBased\Wave\Sin">
      <UniqueIdentifier>{19ac836f-a1e9-46c0-9393-2d5026ea3b32}</UniqueIdentifier>
    </Filter>
    <Filter Include="Header Files\Misc">
      <UniqueIdentifier>{537daab0-e0fe-4f5b-8e40-4455961e4766}</UniqueIdentifier>
    </Filter>
    <Filter Include="Source Files\Misc">
      <UniqueIdentifier>{2604b065-4fd2-49a2-9a26-c1c00e821d22}</UniqueIdentifier>
    </Filter>
    <Filter Include="Header Files\UV">
      <UniqueIdentifier>{d7eb27a6-16f3-4946-9bee-dc070adaa11e}</UniqueIdentifier>
    </Filter>
    <Filter Include="Header Files\WorldLight">
      <UniqueIdentifier>{ac9551da-55ff-461b-80ca-66682fa68645}</UniqueIdentifier>
    </Filter>
    <Filter Include="Source Files\WorldLight">
      <UniqueIdentifier>{c4165778-6031-4898-8d21-048cf7cb889c}</UniqueIdentifier>
    </Filter>
    <Filter Include="Header Files\Utility">
      <UniqueIdentifier>{1ae98bec-73eb-4a07-a64d-f85a3520ca69}</UniqueIdentifier>
    </Filter>
    <Filter Include="Source Files\Utility">
      <UniqueIdentifier>{819c929e-e0f5-4210-a7b7-cd07a30dafd9}</UniqueIdentifier>
    </Filter>
    <Filter Include="Header Files\OrientedQuad">
      <UniqueIdentifier>{a9b8dbec-6c81-412e-bee6-a59468e84ca1}</UniqueIdentifier>
    </Filter>
    <Filter Include="Source Files\OrientedQuad">
      <UniqueIdentifier>{7cfe4170-697a-432b-ba79-c96dcda1983b}</UniqueIdentifier>
    </Filter>
    <Filter Include="Header Files\ShaderMachines\RenderablePrimitives">
      <UniqueIdentifier>{0b1be2ee-7c2a-4a20-9252-13d3134751e0}</UniqueIdentifier>
    </Filter>
    <Filter Include="Source Files\ShaderMachines\RenderablePrimitives">
      <UniqueIdentifier>{2fe82f60-3fb5-4c93-ac4d-b5966613dc15}</UniqueIdentifier>
    </Filter>
    <Filter Include="Header Files\SolublePoly\SPolyUtils">
      <UniqueIdentifier>{83ab3529-a348-4793-b683-f6d776d82af3}</UniqueIdentifier>
    </Filter>
    <Filter Include="Source Files\SolublePoly\SPolyUtils">
      <UniqueIdentifier>{eb085d10-e8a4-4bb2-9842-041f35039dc1}</UniqueIdentifier>
    </Filter>
    <Filter Include="Header Files\ShaderMachines\Gears\absolute_mode">
      <UniqueIdentifier>{4fe698b7-afa6-4c19-8c08-24e4d60720d8}</UniqueIdentifier>
    </Filter>
    <Filter Include="Header Files\ShaderMachines\Gears\absolute_mode\ComputeCopyRBGFromTextureToImageGearT1">
      <UniqueIdentifier>{de5bfe2a-f137-492f-bd05-b7d1819e3c0b}</UniqueIdentifier>
    </Filter>
    <Filter Include="Header Files\ShaderMachines\Gears\absolute_mode\DeferredComputeGearT1">
      <UniqueIdentifier>{4b8ebb34-2ddf-4577-b521-199c02c6d337}</UniqueIdentifier>
    </Filter>
    <Filter Include="Header Files\ShaderMachines\Gears\absolute_mode\DeferredComputeResultsGearT1">
      <UniqueIdentifier>{fb674c38-7ab1-46d4-96d3-ef64b451a02b}</UniqueIdentifier>
    </Filter>
    <Filter Include="Header Files\ShaderMachines\Gears\absolute_mode\DeferredLightingComputeGearT1">
      <UniqueIdentifier>{9355f1c1-9264-41d4-a1d5-6679c5927e08}</UniqueIdentifier>
    </Filter>
    <Filter Include="Header Files\ShaderMachines\Gears\absolute_mode\HighlighterGearT1">
      <UniqueIdentifier>{49d98270-ef3c-4387-8a99-3004ed04e713}</UniqueIdentifier>
    </Filter>
    <Filter Include="Header Files\ShaderMachines\Gears\absolute_mode\InstancedHighlighterGearT1">
      <UniqueIdentifier>{b13fd0aa-c674-4590-b16b-83b5bc77cd91}</UniqueIdentifier>
    </Filter>
    <Filter Include="Header Files\ShaderMachines\Gears\absolute_mode\TerrainComputeGearT1">
      <UniqueIdentifier>{cc0c65e4-cab3-4f73-987e-6987b0192309}</UniqueIdentifier>
    </Filter>
    <Filter Include="Header Files\ShaderMachines\Gears\absolute_mode\TerrainDebugGear">
      <UniqueIdentifier>{d6517c15-4d54-40b7-83aa-2b9b6d4356ae}</UniqueIdentifier>
    </Filter>
    <Filter Include="Header Files\ShaderMachines\Gears\absolute_mode\TerrainForwardGearT1">
      <UniqueIdentifier>{07af0afd-eb4b-44a9-bb57-85c9427ef650}</UniqueIdentifier>
    </Filter>
    <Filter Include="Header Files\ShaderMachines\Gears\absolute_mode\TerrainGearT1">
      <UniqueIdentifier>{86bc15fd-d9cf-4baa-bae0-44722f3e70ea}</UniqueIdentifier>
    </Filter>
    <Filter Include="Header Files\ShaderMachines\Gears\absolute_mode\TerrainGearT2">
      <UniqueIdentifier>{2506e2b5-bb6c-42be-a039-2b8451831d12}</UniqueIdentifier>
    </Filter>
    <Filter Include="Header Files\ShaderMachines\Gears\absolute_mode\TerrainLightingComputeGearBP">
      <UniqueIdentifier>{200cab7e-fa6c-47bc-856a-72c2071a0e39}</UniqueIdentifier>
    </Filter>
    <Filter Include="Header Files\ShaderMachines\Gears\absolute_mode\TerrainLightingComputeGearT1">
      <UniqueIdentifier>{1bed5f89-d5e0-43d5-be42-7a0687e49539}</UniqueIdentifier>
    </Filter>
    <Filter Include="Header Files\ShaderMachines\Gears\absolute_mode\TerrainPrimitiveGearT1">
      <UniqueIdentifier>{fb9d5821-39a1-43b7-ad28-4b1dfd8103bf}</UniqueIdentifier>
    </Filter>
    <Filter Include="Header Files\ShaderMachines\Gears\absolute_mode\TerrainSimpleGearT1">
      <UniqueIdentifier>{27e4039f-c15c-458d-9e6f-068258ab2900}</UniqueIdentifier>
    </Filter>
    <Filter Include="Header Files\ShaderMachines\Gears\absolute_mode\WaveHighlighterGearT1">
      <UniqueIdentifier>{15350870-5fe8-4980-b038-59b59c032ebc}</UniqueIdentifier>
    </Filter>
    <Filter Include="Old_Shaders">
      <UniqueIdentifier>{58f1aa97-114f-4f8e-9b6a-9b72fbdb4e6c}</UniqueIdentifier>
    </Filter>
    <Filter Include="Old_Shaders\absolute">
      <UniqueIdentifier>{e8de7b39-5b88-43bb-919d-a66d7ee61368}</UniqueIdentifier>
    </Filter>
    <Filter Include="Source Files\ShaderMachines\Gears\absolute_mode">
      <UniqueIdentifier>{4ee5b76e-04f5-48f0-afc1-41e54fac31a5}</UniqueIdentifier>
    </Filter>
    <Filter Include="Source Files\ShaderMachines\Gears\absolute_mode\ComputeCopyRBGFromTextureToImageGearT1">
      <UniqueIdentifier>{2fdb1f01-a453-4d4d-81ce-08249e30457c}</UniqueIdentifier>
    </Filter>
    <Filter Include="Header Files\ShaderMachines\Generic">
      <UniqueIdentifier>{f59208fc-464a-4438-ab76-188d356e5c15}</UniqueIdentifier>
    </Filter>
    <Filter Include="Source Files\ShaderMachines\Generic">
      <UniqueIdentifier>{7457d546-1617-458f-af81-ab3ccbfa1c5a}</UniqueIdentifier>
    </Filter>
    <Filter Include="Source Files\ShaderMachines\Gears\absolute_mode\DeferredComputeGearT1">
      <UniqueIdentifier>{0ebe3306-2add-4db2-a694-4edbfcebefdf}</UniqueIdentifier>
    </Filter>
    <Filter Include="Source Files\ShaderMachines\Gears\absolute_mode\DeferredComputeResultsGearT1">
      <UniqueIdentifier>{e88cb931-f156-44f7-bc28-dfb9b52eb156}</UniqueIdentifier>
    </Filter>
    <Filter Include="Source Files\ShaderMachines\Gears\absolute_mode\DeferredLightingComputeGearT1">
      <UniqueIdentifier>{40b67465-f5ae-4497-a379-7ca51e93327d}</UniqueIdentifier>
    </Filter>
    <Filter Include="Source Files\ShaderMachines\Gears\absolute_mode\HighlighterGearT1">
      <UniqueIdentifier>{32abbe71-987a-454d-afbe-0dd87b7f0615}</UniqueIdentifier>
    </Filter>
    <Filter Include="Source Files\ShaderMachines\Gears\absolute_mode\InstancedHighlighterGearT1">
      <UniqueIdentifier>{fe081e20-f272-4b3d-9ef8-be1f72f07021}</UniqueIdentifier>
    </Filter>
    <Filter Include="Source Files\ShaderMachines\Gears\absolute_mode\TerrainComputeGearT1">
      <UniqueIdentifier>{253571e9-1d6c-4b6d-8c90-e9c840ee2f3b}</UniqueIdentifier>
    </Filter>
    <Filter Include="Source Files\ShaderMachines\Gears\absolute_mode\TerrainDebugGearT1">
      <UniqueIdentifier>{6b222e3f-6920-411b-b500-8ad3497e29cc}</UniqueIdentifier>
    </Filter>
    <Filter Include="Source Files\ShaderMachines\Gears\absolute_mode\TerrainForwardGearT1">
      <UniqueIdentifier>{96d6389e-7c0f-41f4-9d6c-e34fc487540a}</UniqueIdentifier>
    </Filter>
    <Filter Include="Source Files\ShaderMachines\Gears\absolute_mode\TerrainGearT1">
      <UniqueIdentifier>{073a0399-db05-4057-9bf7-f7c9513ec09c}</UniqueIdentifier>
    </Filter>
    <Filter Include="Source Files\ShaderMachines\Gears\absolute_mode\TerrainLightingComputeGearBP">
      <UniqueIdentifier>{2d08f44f-422e-4f2c-bb57-a22a4f383e1f}</UniqueIdentifier>
    </Filter>
    <Filter Include="Source Files\ShaderMachines\Gears\absolute_mode\TerrainLightingComputeGearT1">
      <UniqueIdentifier>{02f1f272-520c-4d3f-8cce-2ad85f4234ab}</UniqueIdentifier>
    </Filter>
    <Filter Include="Source Files\ShaderMachines\Gears\absolute_mode\TerrainPrimitiveGearT1">
      <UniqueIdentifier>{b3cd1bd5-91ac-4e62-91a8-d2b7fbee5769}</UniqueIdentifier>
    </Filter>
    <Filter Include="Source Files\ShaderMachines\Gears\absolute_mode\TerrainSimpleGearT1">
      <UniqueIdentifier>{859df7c8-6e74-4812-9854-850bec01e0a4}</UniqueIdentifier>
    </Filter>
    <Filter Include="Source Files\ShaderMachines\Gears\absolute_mode\WaveHighlighterGearT1">
      <UniqueIdentifier>{1288f95f-273d-464f-8dc8-56a40e57d0df}</UniqueIdentifier>
    </Filter>
  </ItemGroup>
  <ItemGroup>
    <ClInclude Include="stdafx.h">
      <Filter>Header Files</Filter>
    </ClInclude>
    <ClInclude Include="targetver.h">
      <Filter>Header Files</Filter>
    </ClInclude>
    <ClInclude Include="stb_image.h">
      <Filter>Header Files</Filter>
    </ClInclude>
    <ClInclude Include="SimpleUnique.h">
      <Filter>Header Files</Filter>
    </ClInclude>
    <ClInclude Include="SliceFinder.h">
      <Filter>Header Files</Filter>
    </ClInclude>
    <ClInclude Include="RCollisionPoint.h">
      <Filter>Header Files\RasterizedMass</Filter>
    </ClInclude>
    <ClInclude Include="RCollisionPointArray.h">
      <Filter>Header Files\RasterizedMass</Filter>
    </ClInclude>
    <ClInclude Include="RCollisionPointSearchResult.h">
      <Filter>Header Files\RasterizedMass</Filter>
    </ClInclude>
    <ClInclude Include="RMorphableAreaScanner.h">
      <Filter>Header Files\RasterizedMass</Filter>
    </ClInclude>
    <ClInclude Include="RMorphableMesh.h">
      <Filter>Header Files\RasterizedMass</Filter>
    </ClInclude>
    <ClInclude Include="RMorphableMeshCorners.h">
      <Filter>Header Files\RasterizedMass</Filter>
    </ClInclude>
    <ClInclude Include="RMorphableMeshCubeAreaDefiner.h">
      <Filter>Header Files\RasterizedMass</Filter>
    </ClInclude>
    <ClInclude Include="RMorphableMeshGroup.h">
      <Filter>Header Files\RasterizedMass</Filter>
    </ClInclude>
    <ClInclude Include="RPoly.h">
      <Filter>Header Files\RasterizedMass</Filter>
    </ClInclude>
    <ClInclude Include="RScanDim.h">
      <Filter>Header Files\RasterizedMass</Filter>
    </ClInclude>
    <ClInclude Include="RTriangle.h">
      <Filter>Header Files\RasterizedMass</Filter>
    </ClInclude>
    <ClInclude Include="RTriangleInteriorAreaTracer.h">
      <Filter>Header Files\RasterizedMass</Filter>
    </ClInclude>
    <ClInclude Include="RTriangleLine.h">
      <Filter>Header Files\RasterizedMass</Filter>
    </ClInclude>
    <ClInclude Include="RTriangleLineTracer.h">
      <Filter>Header Files\RasterizedMass</Filter>
    </ClInclude>
    <ClInclude Include="RUtils.h">
      <Filter>Header Files\RasterizedMass</Filter>
    </ClInclude>
    <ClInclude Include="RasterKeyLookupByDim.h">
      <Filter>Header Files\RasterizedMass</Filter>
    </ClInclude>
    <ClInclude Include="RasterCubeLookup.h">
      <Filter>Header Files\RasterizedMass</Filter>
    </ClInclude>
    <ClInclude Include="RasterCubeTracerBase.h">
      <Filter>Header Files\RasterizedMass</Filter>
    </ClInclude>
    <ClInclude Include="RasterGrid3dBase.h">
      <Filter>Header Files\RasterizedMass</Filter>
    </ClInclude>
    <ClInclude Include="RasterizationPointAdjuster.h">
      <Filter>Header Files\RasterizedMass</Filter>
    </ClInclude>
    <ClInclude Include="Rasterized3DMassGrid.h">
      <Filter>Header Files\RasterizedMass</Filter>
    </ClInclude>
    <ClInclude Include="CoplanarRelationshipTracker.h">
      <Filter>Header Files\Coplanar</Filter>
    </ClInclude>
    <ClInclude Include="CoplanarAreaRasterizer.h">
      <Filter>Header Files\Coplanar</Filter>
    </ClInclude>
    <ClInclude Include="CoplanarCategorizedLineProducer.h">
      <Filter>Header Files\Coplanar</Filter>
    </ClInclude>
    <ClInclude Include="CoplanarChecker.h">
      <Filter>Header Files\Coplanar</Filter>
    </ClInclude>
    <ClInclude Include="CoplanarComparisonCandidatePoints.h">
      <Filter>Header Files\Coplanar</Filter>
    </ClInclude>
    <ClInclude Include="CoplanarFusionMachine.h">
      <Filter>Header Files\Coplanar</Filter>
    </ClInclude>
    <ClInclude Include="CoplanarFusionType.h">
      <Filter>Header Files\Coplanar</Filter>
    </ClInclude>
    <ClInclude Include="CoplanarMassCreator.h">
      <Filter>Header Files\Coplanar</Filter>
    </ClInclude>
    <ClInclude Include="CoplanarMassManipulator.h">
      <Filter>Header Files\Coplanar</Filter>
    </ClInclude>
    <ClInclude Include="CoplanarRelationshipDebugFlags.h">
      <Filter>Header Files\Coplanar</Filter>
    </ClInclude>
    <ClInclude Include="CoplanarRelationships.h">
      <Filter>Header Files\Coplanar</Filter>
    </ClInclude>
    <ClInclude Include="SPoly.h">
      <Filter>Header Files\SolublePoly</Filter>
    </ClInclude>
    <ClInclude Include="SPolyBorderLines.h">
      <Filter>Header Files\SolublePoly</Filter>
    </ClInclude>
    <ClInclude Include="SPolyDO.h">
      <Filter>Header Files\SolublePoly</Filter>
    </ClInclude>
    <ClInclude Include="SPolyDOSet.h">
      <Filter>Header Files\SolublePoly</Filter>
    </ClInclude>
    <ClInclude Include="SPolyFracturer.h">
      <Filter>Header Files\SolublePoly</Filter>
    </ClInclude>
    <ClInclude Include="SPolyFracturerOptionEnum.h">
      <Filter>Header Files\SolublePoly</Filter>
    </ClInclude>
    <ClInclude Include="SPolyHierarchyLocation.h">
      <Filter>Header Files\SolublePoly</Filter>
    </ClInclude>
    <ClInclude Include="SPolyHierarchyLocationMap.h">
      <Filter>Header Files\SolublePoly</Filter>
    </ClInclude>
    <ClInclude Include="SPolyMorphTracker.h">
      <Filter>Header Files\SolublePoly</Filter>
    </ClInclude>
    <ClInclude Include="SPolyRefMap.h">
      <Filter>Header Files\SolublePoly</Filter>
    </ClInclude>
    <ClInclude Include="SPolyScaler.h">
      <Filter>Header Files\SolublePoly</Filter>
    </ClInclude>
    <ClInclude Include="SPolyScalingOps.h">
      <Filter>Header Files\SolublePoly</Filter>
    </ClInclude>
    <ClInclude Include="SPolySet.h">
      <Filter>Header Files\SolublePoly</Filter>
    </ClInclude>
    <ClInclude Include="SPolySupergroup.h">
      <Filter>Header Files\SolublePoly</Filter>
    </ClInclude>
    <ClInclude Include="SPolySupergroupManager.h">
      <Filter>Header Files\SolublePoly</Filter>
    </ClInclude>
    <ClInclude Include="STriangle.h">
      <Filter>Header Files\SolublePoly</Filter>
    </ClInclude>
    <ClInclude Include="STriangleCutter.h">
      <Filter>Header Files\SolublePoly</Filter>
    </ClInclude>
    <ClInclude Include="STriangleLine.h">
      <Filter>Header Files\SolublePoly</Filter>
    </ClInclude>
    <ClInclude Include="STriangleOutputContainer.h">
      <Filter>Header Files\SolublePoly</Filter>
    </ClInclude>
    <ClInclude Include="CategorizedLine.h">
      <Filter>Header Files\SolublePoly</Filter>
    </ClInclude>
    <ClInclude Include="CategorizedLineASliceMerger.h">
      <Filter>Header Files\SolublePoly</Filter>
    </ClInclude>
    <ClInclude Include="CategorizedLineColinearTester.h">
      <Filter>Header Files\SolublePoly</Filter>
    </ClInclude>
    <ClInclude Include="CategorizedLineContainer.h">
      <Filter>Header Files\SolublePoly</Filter>
    </ClInclude>
    <ClInclude Include="CategorizedLineGroup.h">
      <Filter>Header Files\SolublePoly</Filter>
    </ClInclude>
    <ClInclude Include="CategorizedLineGroupLocation.h">
      <Filter>Header Files\SolublePoly</Filter>
    </ClInclude>
    <ClInclude Include="CategorizedLineGroupMap.h">
      <Filter>Header Files\SolublePoly</Filter>
    </ClInclude>
    <ClInclude Include="CategorizedLineInsertionRecord.h">
      <Filter>Header Files\SolublePoly</Filter>
    </ClInclude>
    <ClInclude Include="CategorizedLineInterceptsPointPreciseMerger.h">
      <Filter>Header Files\SolublePoly</Filter>
    </ClInclude>
    <ClInclude Include="CategorizedLineInterceptsPreciseToPartialMerger.h">
      <Filter>Header Files\SolublePoly</Filter>
    </ClInclude>
    <ClInclude Include="CategorizedLineManager.h">
      <Filter>Header Files\SolublePoly</Filter>
    </ClInclude>
    <ClInclude Include="CategorizedLineMergeMachineBase.h">
      <Filter>Header Files\SolublePoly</Filter>
    </ClInclude>
    <ClInclude Include="CategorizedLineMerger.h">
      <Filter>Header Files\SolublePoly</Filter>
    </ClInclude>
    <ClInclude Include="CategorizedLineMergeType.h">
      <Filter>Header Files\SolublePoly</Filter>
    </ClInclude>
    <ClInclude Include="CategorizedLineOptionals.h">
      <Filter>Header Files\SolublePoly</Filter>
    </ClInclude>
    <ClInclude Include="CategorizedLinePartialBoundMerger.h">
      <Filter>Header Files\SolublePoly</Filter>
    </ClInclude>
    <ClInclude Include="CategorizedLinePlaceboMerger.h">
      <Filter>Header Files\SolublePoly</Filter>
    </ClInclude>
    <ClInclude Include="CategorizedLinePool.h">
      <Filter>Header Files\SolublePoly</Filter>
    </ClInclude>
    <ClInclude Include="CategorizedLineSearchResult.h">
      <Filter>Header Files\SolublePoly</Filter>
    </ClInclude>
    <ClInclude Include="CleaveSequence.h">
      <Filter>Header Files\SolublePoly</Filter>
    </ClInclude>
    <ClInclude Include="CleaveSequenceCandidateList.h">
      <Filter>Header Files\SolublePoly</Filter>
    </ClInclude>
    <ClInclude Include="CleaveSequenceCandidateListMap.h">
      <Filter>Header Files\SolublePoly</Filter>
    </ClInclude>
    <ClInclude Include="CleaveSequenceCrawlDirection.h">
      <Filter>Header Files\SolublePoly</Filter>
    </ClInclude>
    <ClInclude Include="CleaveSequenceFactory.h">
      <Filter>Header Files\SolublePoly</Filter>
    </ClInclude>
    <ClInclude Include="CleaveSequenceIntersectFinder.h">
      <Filter>Header Files\SolublePoly</Filter>
    </ClInclude>
    <ClInclude Include="CleaveSequenceMergeMode.h">
      <Filter>Header Files\SolublePoly</Filter>
    </ClInclude>
    <ClInclude Include="CleaveSequenceMeta.h">
      <Filter>Header Files\SolublePoly</Filter>
    </ClInclude>
    <ClInclude Include="CleaveSequenceMetaTracker.h">
      <Filter>Header Files\SolublePoly</Filter>
    </ClInclude>
    <ClInclude Include="CleaveSequenceResolver.h">
      <Filter>Header Files\SolublePoly</Filter>
    </ClInclude>
    <ClInclude Include="CleaveSequenceStatus.h">
      <Filter>Header Files\SolublePoly</Filter>
    </ClInclude>
    <ClInclude Include="CleaveSequenceType.h">
      <Filter>Header Files\SolublePoly</Filter>
    </ClInclude>
    <ClInclude Include="BorderLineCycle.h">
      <Filter>Header Files\SolublePoly</Filter>
    </ClInclude>
    <ClInclude Include="BorderLineCycler.h">
      <Filter>Header Files\SolublePoly</Filter>
    </ClInclude>
    <ClInclude Include="BorderLineData.h">
      <Filter>Header Files\SolublePoly</Filter>
    </ClInclude>
    <ClInclude Include="BorderLineIDPair.h">
      <Filter>Header Files\SolublePoly</Filter>
    </ClInclude>
    <ClInclude Include="BorderLineIntersectRecord.h">
      <Filter>Header Files\SolublePoly</Filter>
    </ClInclude>
    <ClInclude Include="BorderLineIntersectRecorder.h">
      <Filter>Header Files\SolublePoly</Filter>
    </ClInclude>
    <ClInclude Include="BorderLineIntersectRecordType.h">
      <Filter>Header Files\SolublePoly</Filter>
    </ClInclude>
    <ClInclude Include="BorderLineLink.h">
      <Filter>Header Files\SolublePoly</Filter>
    </ClInclude>
    <ClInclude Include="BorderLineLinkContainer.h">
      <Filter>Header Files\SolublePoly</Filter>
    </ClInclude>
    <ClInclude Include="BorderLineLinkPointState.h">
      <Filter>Header Files\SolublePoly</Filter>
    </ClInclude>
    <ClInclude Include="BorderLinePointPair.h">
      <Filter>Header Files\SolublePoly</Filter>
    </ClInclude>
    <ClInclude Include="MassZone.h">
      <Filter>Header Files\MassZone</Filter>
    </ClInclude>
    <ClInclude Include="MassZoneBox.h">
      <Filter>Header Files\MassZone</Filter>
    </ClInclude>
    <ClInclude Include="MassZoneBoxBoundary.h">
      <Filter>Header Files\MassZone</Filter>
    </ClInclude>
    <ClInclude Include="MassZoneBoxBoundarySPolySet.h">
      <Filter>Header Files\MassZone</Filter>
    </ClInclude>
    <ClInclude Include="MassZoneBoxBoundaryState.h">
      <Filter>Header Files\MassZone</Filter>
    </ClInclude>
    <ClInclude Include="MassZoneBoxType.h">
      <Filter>Header Files\MassZone</Filter>
    </ClInclude>
    <ClInclude Include="MassZoneMaster.h">
      <Filter>Header Files\MassZone</Filter>
    </ClInclude>
    <ClInclude Include="MassZonePointClipper.h">
      <Filter>Header Files\MassZone</Filter>
    </ClInclude>
    <ClInclude Include="MassZoneShellSlice.h">
      <Filter>Header Files\MassZone</Filter>
    </ClInclude>
    <ClInclude Include="MassZoneType.h">
      <Filter>Header Files\MassZone</Filter>
    </ClInclude>
    <ClInclude Include="PointToMassRelationship.h">
      <Filter>Header Files\MassZone</Filter>
    </ClInclude>
    <ClInclude Include="PointToMassRelationshipJudge.h">
      <Filter>Header Files\MassZone</Filter>
    </ClInclude>
    <ClInclude Include="PointToMassRelationshipMap.h">
      <Filter>Header Files\MassZone</Filter>
    </ClInclude>
    <ClInclude Include="PointToMassRelationshipType.h">
      <Filter>Header Files\MassZone</Filter>
    </ClInclude>
    <ClInclude Include="PointToMassTrial.h">
      <Filter>Header Files\MassZone</Filter>
    </ClInclude>
    <ClInclude Include="PointToSPolyRelationship.h">
      <Filter>Header Files\MassZone</Filter>
    </ClInclude>
    <ClInclude Include="PointToSPolyRelationshipTracker.h">
      <Filter>Header Files\MassZone</Filter>
    </ClInclude>
    <ClInclude Include="PointToSPolyRelationshipTrackerContainer.h">
      <Filter>Header Files\MassZone</Filter>
    </ClInclude>
    <ClInclude Include="PointToSTriangleRelationship.h">
      <Filter>Header Files\MassZone</Filter>
    </ClInclude>
    <ClInclude Include="CollectiveVerdictMachine.h">
      <Filter>Header Files\MassZone</Filter>
    </ClInclude>
    <ClInclude Include="CutLine.h">
      <Filter>Header Files\Coplanar</Filter>
    </ClInclude>
    <ClInclude Include="CutLinePool.h">
      <Filter>Header Files\Coplanar</Filter>
    </ClInclude>
    <ClInclude Include="CutLinePoolGuide.h">
      <Filter>Header Files\Coplanar</Filter>
    </ClInclude>
    <ClInclude Include="CutLineTraceObserver.h">
      <Filter>Header Files\Coplanar</Filter>
    </ClInclude>
    <ClInclude Include="CutLineWelder.h">
      <Filter>Header Files\Coplanar</Filter>
    </ClInclude>
    <ClInclude Include="CuttableTriangle.h">
      <Filter>Header Files\Coplanar</Filter>
    </ClInclude>
    <ClInclude Include="CuttableTriangleContainer.h">
      <Filter>Header Files\Coplanar</Filter>
    </ClInclude>
    <ClInclude Include="CuttableTriangleLine.h">
      <Filter>Header Files\Coplanar</Filter>
    </ClInclude>
    <ClInclude Include="CuttingSequenceRunStatus.h">
      <Filter>Header Files\Coplanar</Filter>
    </ClInclude>
    <ClInclude Include="CuttingTriangle.h">
      <Filter>Header Files\Coplanar</Filter>
    </ClInclude>
    <ClInclude Include="CuttingTriangleLine.h">
      <Filter>Header Files\Coplanar</Filter>
    </ClInclude>
    <ClInclude Include="CuttingTriangleManager.h">
      <Filter>Header Files\Coplanar</Filter>
    </ClInclude>
    <ClInclude Include="CutTriangle.h">
      <Filter>Header Files\Coplanar</Filter>
    </ClInclude>
    <ClInclude Include="CutTriangleContainer.h">
      <Filter>Header Files\Coplanar</Filter>
    </ClInclude>
    <ClInclude Include="CutTriangleGroupBuilder.h">
      <Filter>Header Files\Coplanar</Filter>
    </ClInclude>
    <ClInclude Include="CutTriangleProducer.h">
      <Filter>Header Files\Coplanar</Filter>
    </ClInclude>
    <ClInclude Include="CutTriangleProductionResult.h">
      <Filter>Header Files\Coplanar</Filter>
    </ClInclude>
    <ClInclude Include="WeldedLine.h">
      <Filter>Header Files\SolublePoly</Filter>
    </ClInclude>
    <ClInclude Include="WeldedLinePool.h">
      <Filter>Header Files\SolublePoly</Filter>
    </ClInclude>
    <ClInclude Include="WeldedLinePoolGuide.h">
      <Filter>Header Files\SolublePoly</Filter>
    </ClInclude>
    <ClInclude Include="WeldedTriangle.h">
      <Filter>Header Files\SolublePoly</Filter>
    </ClInclude>
    <ClInclude Include="WeldedTriangleContainer.h">
      <Filter>Header Files\SolublePoly</Filter>
    </ClInclude>
    <ClInclude Include="WeldedTriangleGroupBuilder.h">
      <Filter>Header Files\SolublePoly</Filter>
    </ClInclude>
    <ClInclude Include="WeldedTriangleProducer.h">
      <Filter>Header Files\SolublePoly</Filter>
    </ClInclude>
    <ClInclude Include="WeldedTriangleProductionResult.h">
      <Filter>Header Files\SolublePoly</Filter>
    </ClInclude>
    <ClInclude Include="WeldedTriangleSuperGroup.h">
      <Filter>Header Files\SolublePoly</Filter>
    </ClInclude>
    <ClInclude Include="ShaderMachineBase.h">
      <Filter>Header Files\ShaderMachines</Filter>
    </ClInclude>
    <ClInclude Include="ShaderMachineFeedback.h">
      <Filter>Header Files\ShaderMachines</Filter>
    </ClInclude>
    <ClInclude Include="SMDebugV1.h">
      <Filter>Header Files\ShaderMachines</Filter>
    </ClInclude>
    <ClInclude Include="SMDeferredComputeV1.h">
      <Filter>Header Files\ShaderMachines</Filter>
    </ClInclude>
    <ClInclude Include="SMDeferredLightingComputeV1.h">
      <Filter>Header Files\ShaderMachines</Filter>
    </ClInclude>
    <ClInclude Include="SMDeferredV1.h">
      <Filter>Header Files\ShaderMachines</Filter>
    </ClInclude>
    <ClInclude Include="SMDeferredV2.h">
      <Filter>Header Files\ShaderMachines</Filter>
    </ClInclude>
    <ClInclude Include="SMForwardV1.h">
      <Filter>Header Files\ShaderMachines</Filter>
    </ClInclude>
    <ClInclude Include="SMForwardV2.h">
      <Filter>Header Files\ShaderMachines</Filter>
    </ClInclude>
    <ClInclude Include="SMPrimitiveV1.h">
      <Filter>Header Files\ShaderMachines</Filter>
    </ClInclude>
    <ClInclude Include="FusedPoint.h">
      <Filter>Header Files\SolublePoly\Fusion</Filter>
    </ClInclude>
    <ClInclude Include="FusedPointContainer.h">
      <Filter>Header Files\SolublePoly\Fusion</Filter>
    </ClInclude>
    <ClInclude Include="FusedPointMeta.h">
      <Filter>Header Files\SolublePoly\Fusion</Filter>
    </ClInclude>
    <ClInclude Include="FusedPointMetaPair.h">
      <Filter>Header Files\SolublePoly\Fusion</Filter>
    </ClInclude>
    <ClInclude Include="FusedPointReactor.h">
      <Filter>Header Files\SolublePoly\Fusion</Filter>
    </ClInclude>
    <ClInclude Include="FusedPointReactorResult.h">
      <Filter>Header Files\SolublePoly\Fusion</Filter>
    </ClInclude>
    <ClInclude Include="FusedPointSubData.h">
      <Filter>Header Files\SolublePoly\Fusion</Filter>
    </ClInclude>
    <ClInclude Include="FusedPointSubdataLineType.h">
      <Filter>Header Files\SolublePoly\Fusion</Filter>
    </ClInclude>
    <ClInclude Include="FusedPointSummary.h">
      <Filter>Header Files\SolublePoly\Fusion</Filter>
    </ClInclude>
    <ClInclude Include="FusionAnalysis.h">
      <Filter>Header Files\SolublePoly\Fusion</Filter>
    </ClInclude>
    <ClInclude Include="FusionAnalysisCoplanarLineType.h">
      <Filter>Header Files\SolublePoly\Fusion</Filter>
    </ClInclude>
    <ClInclude Include="FusionAnalysisPointsClassification.h">
      <Filter>Header Files\SolublePoly\Fusion</Filter>
    </ClInclude>
    <ClInclude Include="FusionAnalysisPrimaryClassification.h">
      <Filter>Header Files\SolublePoly\Fusion</Filter>
    </ClInclude>
    <ClInclude Include="FusionAnalysisResult.h">
      <Filter>Header Files\SolublePoly\Fusion</Filter>
    </ClInclude>
    <ClInclude Include="FusionCandidate.h">
      <Filter>Header Files\SolublePoly\Fusion</Filter>
    </ClInclude>
    <ClInclude Include="FusionCandidateOrigin.h">
      <Filter>Header Files\SolublePoly\Fusion</Filter>
    </ClInclude>
    <ClInclude Include="FusionCandidateProducer.h">
      <Filter>Header Files\SolublePoly\Fusion</Filter>
    </ClInclude>
    <ClInclude Include="QMBoolAreLinesColinear.h">
      <Filter>Header Files\Quaternions</Filter>
    </ClInclude>
    <ClInclude Include="QMBoolBase.h">
      <Filter>Header Files\Quaternions</Filter>
    </ClInclude>
    <ClInclude Include="QMBoolDoLinesIntersect.h">
      <Filter>Header Files\Quaternions</Filter>
    </ClInclude>
    <ClInclude Include="QMBoolIsColinearLineAContainedWithinB.h">
      <Filter>Header Files\Quaternions</Filter>
    </ClInclude>
    <ClInclude Include="QMBoolIsPointWithinPBZMassSide.h">
      <Filter>Header Files\Quaternions</Filter>
    </ClInclude>
    <ClInclude Include="QMBoolIsTJunctionCuttable.h">
      <Filter>Header Files\Quaternions</Filter>
    </ClInclude>
    <ClInclude Include="QMBoolPointWithinTrianglePBZ.h">
      <Filter>Header Files\Quaternions</Filter>
    </ClInclude>
    <ClInclude Include="QMBoolResolveContestedCategorizedLine.h">
      <Filter>Header Files\Quaternions</Filter>
    </ClInclude>
    <ClInclude Include="QMFindPointToMassRelationship.h">
      <Filter>Header Files\Quaternions</Filter>
    </ClInclude>
    <ClInclude Include="QMVec3Base.h">
      <Filter>Header Files\Quaternions</Filter>
    </ClInclude>
    <ClInclude Include="QMVec3FindCyclingDirectionPoint.h">
      <Filter>Header Files\Quaternions</Filter>
    </ClInclude>
    <ClInclude Include="QMVec3FindOrientatedLineNormal.h">
      <Filter>Header Files\Quaternions</Filter>
    </ClInclude>
    <ClInclude Include="QMVec3ResultBase.h">
      <Filter>Header Files\Quaternions</Filter>
    </ClInclude>
    <ClInclude Include="QMVoidAlignTriangleToXYPlane.h">
      <Filter>Header Files\Quaternions</Filter>
    </ClInclude>
    <ClInclude Include="QMVoidBase.h">
      <Filter>Header Files\Quaternions</Filter>
    </ClInclude>
    <ClInclude Include="QMVoidFindCyclingDirection.h">
      <Filter>Header Files\Quaternions</Filter>
    </ClInclude>
    <ClInclude Include="QMVoidTranslatePointsForRasterization.h">
      <Filter>Header Files\Quaternions</Filter>
    </ClInclude>
    <ClInclude Include="QuadPointOrientation.h">
      <Filter>Header Files\Quaternions</Filter>
    </ClInclude>
    <ClInclude Include="QuadTriangles.h">
      <Filter>Header Files\Quaternions</Filter>
    </ClInclude>
    <ClInclude Include="QuatUtils.h">
      <Filter>Header Files\Quaternions</Filter>
    </ClInclude>
    <ClInclude Include="RProductFace.h">
      <Filter>Header Files\RasterizedMass</Filter>
    </ClInclude>
    <ClInclude Include="RMorphableMeshState.h">
      <Filter>Header Files\RasterizedMass</Filter>
    </ClInclude>
    <ClInclude Include="RAdditiveSliceBase.h">
      <Filter>Header Files\RasterizedMass</Filter>
    </ClInclude>
    <ClInclude Include="RAdditiveSliceType.h">
      <Filter>Header Files\RasterizedMass</Filter>
    </ClInclude>
    <ClInclude Include="RAdditiveXSliceWestEnd.h">
      <Filter>Header Files\RasterizedMass</Filter>
    </ClInclude>
    <ClInclude Include="RAdditiveXSliceEastEnd.h">
      <Filter>Header Files\RasterizedMass</Filter>
    </ClInclude>
    <ClInclude Include="RAdditiveXSlice.h">
      <Filter>Header Files\RasterizedMass</Filter>
    </ClInclude>
    <ClInclude Include="RAdditiveXSliceStandalone.h">
      <Filter>Header Files\RasterizedMass</Filter>
    </ClInclude>
    <ClInclude Include="PTriangleRCPointToIndexLink.h">
      <Filter>Header Files\RasterizedMass</Filter>
    </ClInclude>
    <ClInclude Include="PTrianglePointLinkArray.h">
      <Filter>Header Files\RasterizedMass</Filter>
    </ClInclude>
    <ClInclude Include="RCollisionPointModifier.h">
      <Filter>Header Files\RasterizedMass</Filter>
    </ClInclude>
    <ClInclude Include="RCollisionPointCaster.h">
      <Filter>Header Files\RasterizedMass</Filter>
    </ClInclude>
    <ClInclude Include="PTriangleMesh.h">
      <Filter>Header Files\RasterizedMass</Filter>
    </ClInclude>
    <ClInclude Include="RMatterGenerator.h">
      <Filter>Header Files\RasterizedMass</Filter>
    </ClInclude>
    <ClInclude Include="RMatterCollider.h">
      <Filter>Header Files\RasterizedMass</Filter>
    </ClInclude>
    <ClInclude Include="RMatterAge.h">
      <Filter>Header Files\RasterizedMass</Filter>
    </ClInclude>
    <ClInclude Include="RMatterCollisionMode.h">
      <Filter>Header Files\RasterizedMass</Filter>
    </ClInclude>
    <ClInclude Include="PTriangle.h">
      <Filter>Header Files\RasterizedMass</Filter>
    </ClInclude>
    <ClInclude Include="PTriangleMapperUpdate.h">
      <Filter>Header Files\RasterizedMass</Filter>
    </ClInclude>
    <ClInclude Include="PTriangleMeshPointCalibrator.h">
      <Filter>Header Files\RasterizedMass</Filter>
    </ClInclude>
    <ClInclude Include="RMatterManipulationOption.h">
      <Filter>Header Files\RasterizedMass</Filter>
    </ClInclude>
    <ClInclude Include="MassCellBitFlags.h">
      <Filter>Header Files\RasterizedMass</Filter>
    </ClInclude>
    <ClInclude Include="MassComparisonResult.h">
      <Filter>Header Files\RasterizedMass</Filter>
    </ClInclude>
    <ClInclude Include="MassGridArray.h">
      <Filter>Header Files\RasterizedMass</Filter>
    </ClInclude>
    <ClInclude Include="MassGridArrayCell.h">
      <Filter>Header Files\RasterizedMass</Filter>
    </ClInclude>
    <ClInclude Include="MassGridArrayCellLimit.h">
      <Filter>Header Files\RasterizedMass</Filter>
    </ClInclude>
    <ClInclude Include="MassGridArrayCellScanArea.h">
      <Filter>Header Files\RasterizedMass</Filter>
    </ClInclude>
    <ClInclude Include="MassGridSearchResult.h">
      <Filter>Header Files\RasterizedMass</Filter>
    </ClInclude>
    <ClInclude Include="BrasenhamMassTracer.h">
      <Filter>Header Files\MassZone</Filter>
    </ClInclude>
    <ClInclude Include="BrasenhamMassTracerDim.h">
      <Filter>Header Files\MassZone</Filter>
    </ClInclude>
    <ClInclude Include="BrasenhamLineData.h">
      <Filter>Header Files\MassZone</Filter>
    </ClInclude>
    <ClInclude Include="ShaderMachineFeedbackType.h">
      <Filter>Header Files\ShaderMachines</Filter>
    </ClInclude>
    <ClInclude Include="KeyPressCycle.h">
      <Filter>Header Files\ShaderMachines</Filter>
    </ClInclude>
    <ClInclude Include="KeyPressState.h">
      <Filter>Header Files\ShaderMachines</Filter>
    </ClInclude>
    <ClInclude Include="KeyPressTracker.h">
      <Filter>Header Files\ShaderMachines</Filter>
    </ClInclude>
    <ClInclude Include="SPolyShellProducer.h">
      <Filter>Header Files\SolublePoly</Filter>
    </ClInclude>
    <ClInclude Include="SPolyResolution.h">
      <Filter>Header Files\SolublePoly\SPolyResolution</Filter>
    </ClInclude>
    <ClInclude Include="InvalidCleaveSequences.h">
      <Filter>Header Files\SolublePoly</Filter>
    </ClInclude>
    <ClInclude Include="FaceResolverBase.h">
      <Filter>Header Files\SolublePoly\SPolyResolution\FaceResolvers</Filter>
    </ClInclude>
    <ClInclude Include="PosXFaceResolver.h">
      <Filter>Header Files\SolublePoly\SPolyResolution\FaceResolvers</Filter>
    </ClInclude>
    <ClInclude Include="NegXFaceResolver.h">
      <Filter>Header Files\SolublePoly\SPolyResolution\FaceResolvers</Filter>
    </ClInclude>
    <ClInclude Include="PosYFaceResolver.h">
      <Filter>Header Files\SolublePoly\SPolyResolution\FaceResolvers</Filter>
    </ClInclude>
    <ClInclude Include="NegYFaceResolver.h">
      <Filter>Header Files\SolublePoly\SPolyResolution\FaceResolvers</Filter>
    </ClInclude>
    <ClInclude Include="PosZFaceResolver.h">
      <Filter>Header Files\SolublePoly\SPolyResolution\FaceResolvers</Filter>
    </ClInclude>
    <ClInclude Include="NegZFaceResolver.h">
      <Filter>Header Files\SolublePoly\SPolyResolution\FaceResolvers</Filter>
    </ClInclude>
    <ClInclude Include="OneDimLineBase.h">
      <Filter>Header Files\SolublePoly\SPolyResolution\FaceResolvers</Filter>
    </ClInclude>
    <ClInclude Include="XDimLine.h">
      <Filter>Header Files\SolublePoly\SPolyResolution\FaceResolvers</Filter>
    </ClInclude>
    <ClInclude Include="YDimLine.h">
      <Filter>Header Files\SolublePoly\SPolyResolution\FaceResolvers</Filter>
    </ClInclude>
    <ClInclude Include="ZDimLine.h">
      <Filter>Header Files\SolublePoly\SPolyResolution\FaceResolvers</Filter>
    </ClInclude>
    <ClInclude Include="ComputeResolution.h">
      <Filter>Header Files\ShaderMachines</Filter>
    </ClInclude>
    <ClInclude Include="LineWelder.h">
      <Filter>Header Files\SolublePoly</Filter>
    </ClInclude>
    <ClInclude Include="LineWelderRunMode.h">
      <Filter>Header Files\SolublePoly</Filter>
    </ClInclude>
    <ClInclude Include="LineWelderHierarchyPosition.h">
      <Filter>Header Files\SolublePoly</Filter>
    </ClInclude>
    <ClInclude Include="ShaderBase.h">
      <Filter>Header Files\Shader</Filter>
    </ClInclude>
    <ClInclude Include="ShaderManagerDeferred1.h">
      <Filter>Header Files\Shader</Filter>
    </ClInclude>
    <ClInclude Include="ShaderManagerDeferred2.h">
      <Filter>Header Files\Shader</Filter>
    </ClInclude>
    <ClInclude Include="ShaderManagerDeferred2Debug.h">
      <Filter>Header Files\Shader</Filter>
    </ClInclude>
    <ClInclude Include="ShaderManagerMode0.h">
      <Filter>Header Files\Shader</Filter>
    </ClInclude>
    <ClInclude Include="ShaderManagerMode1.h">
      <Filter>Header Files\Shader</Filter>
    </ClInclude>
    <ClInclude Include="ShaderManagerMode2.h">
      <Filter>Header Files\Shader</Filter>
    </ClInclude>
    <ClInclude Include="ShaderManagerMode3.h">
      <Filter>Header Files\Shader</Filter>
    </ClInclude>
    <ClInclude Include="imgui\imgui.h">
      <Filter>Header Files\ImGui</Filter>
    </ClInclude>
    <ClInclude Include="imgui\imgui_impl_glfw.h">
      <Filter>Header Files\ImGui</Filter>
    </ClInclude>
    <ClInclude Include="imgui\imgui_impl_opengl3.h">
      <Filter>Header Files\ImGui</Filter>
    </ClInclude>
    <ClInclude Include="imgui\imgui_internal.h">
      <Filter>Header Files\ImGui</Filter>
    </ClInclude>
    <ClInclude Include="ImGuiButton.h">
      <Filter>Header Files\ImGui</Filter>
    </ClInclude>
    <ClInclude Include="ImGuiButtonClickResult.h">
      <Filter>Header Files\ImGui</Filter>
    </ClInclude>
    <ClInclude Include="ImGuiButtonPanel.h">
      <Filter>Header Files\ImGui</Filter>
    </ClInclude>
    <ClInclude Include="ImGuiButtonPanelContainer.h">
      <Filter>Header Files\ImGui</Filter>
    </ClInclude>
    <ClInclude Include="ImGuiInputText.h">
      <Filter>Header Files\ImGui</Filter>
    </ClInclude>
    <ClInclude Include="ImGuiInputTextPanel.h">
      <Filter>Header Files\ImGui</Filter>
    </ClInclude>
    <ClInclude Include="ImGuiInputTextPanelContainer.h">
      <Filter>Header Files\ImGui</Filter>
    </ClInclude>
    <ClInclude Include="ImGuiInputTextResponse.h">
      <Filter>Header Files\ImGui</Filter>
    </ClInclude>
    <ClInclude Include="ImGuiSliderFloat.h">
      <Filter>Header Files\ImGui</Filter>
    </ClInclude>
    <ClInclude Include="ImGuiSliderFloatPanel.h">
      <Filter>Header Files\ImGui</Filter>
    </ClInclude>
    <ClInclude Include="ImGuiSliderFloatPanelContainer.h">
      <Filter>Header Files\ImGui</Filter>
    </ClInclude>
    <ClInclude Include="TimeBasedWaveBase.h">
      <Filter>Header Files\TimeBased\Wave</Filter>
    </ClInclude>
    <ClInclude Include="TimeBasedWaveManager.h">
      <Filter>Header Files\TimeBased\Wave</Filter>
    </ClInclude>
    <ClInclude Include="TimeBasedWaveType.h">
      <Filter>Header Files\TimeBased\Wave</Filter>
    </ClInclude>
    <ClInclude Include="SinTBW.h">
      <Filter>Header Files\TimeBased\Wave\Sin</Filter>
    </ClInclude>
    <ClInclude Include="SelfComparePermit.h">
      <Filter>Header Files\SolublePoly</Filter>
    </ClInclude>
    <ClInclude Include="TwoDCrawlingAttempt.h">
      <Filter>Header Files\Coplanar</Filter>
    </ClInclude>
    <ClInclude Include="TwoDCrawlingType.h">
      <Filter>Header Files\Coplanar</Filter>
    </ClInclude>
    <ClInclude Include="TwoDIntersectionRecordManager.h">
      <Filter>Header Files\Coplanar</Filter>
    </ClInclude>
    <ClInclude Include="TwoDLineSegment.h">
      <Filter>Header Files\Coplanar</Filter>
    </ClInclude>
    <ClInclude Include="TwoDLineSegmentIntersectAnalyzer.h">
      <Filter>Header Files\Coplanar</Filter>
    </ClInclude>
    <ClInclude Include="TwoDLineSegmentIntersectAnalyzerOptionEnum.h">
      <Filter>Header Files\Coplanar</Filter>
    </ClInclude>
    <ClInclude Include="TwoDLineSegmentIntersectAnalyzerV2.h">
      <Filter>Header Files\Coplanar</Filter>
    </ClInclude>
    <ClInclude Include="TwoDLineSegmentIntersectResult.h">
      <Filter>Header Files\Coplanar</Filter>
    </ClInclude>
    <ClInclude Include="TwoDLineSegmentIntersectType.h">
      <Filter>Header Files\Coplanar</Filter>
    </ClInclude>
    <ClInclude Include="TwoDLineSegmentJudge.h">
      <Filter>Header Files\Coplanar</Filter>
    </ClInclude>
    <ClInclude Include="TwoDPoint.h">
      <Filter>Header Files\Coplanar</Filter>
    </ClInclude>
    <ClInclude Include="TwoDSPolyIntersectionRecord.h">
      <Filter>Header Files\Coplanar</Filter>
    </ClInclude>
    <ClInclude Include="TwoDSPolyIntersectionType.h">
      <Filter>Header Files\Coplanar</Filter>
    </ClInclude>
    <ClInclude Include="IntersectionResult.h">
      <Filter>Header Files\SolublePoly\Fusion</Filter>
    </ClInclude>
    <ClInclude Include="IntersectionLine.h">
      <Filter>Header Files\Misc</Filter>
    </ClInclude>
    <ClInclude Include="IntersectionType.h">
      <Filter>Header Files\Misc</Filter>
    </ClInclude>
    <ClInclude Include="RCollisionPointState.h">
      <Filter>Header Files\RasterizedMass</Filter>
    </ClInclude>
    <ClInclude Include="RCollisionPointToPTriangleMapContainer.h">
      <Filter>Header Files\RasterizedMass</Filter>
    </ClInclude>
    <ClInclude Include="RCollisionPointToPTriangleMapper.h">
      <Filter>Header Files\RasterizedMass</Filter>
    </ClInclude>
    <ClInclude Include="Ray.h">
      <Filter>Header Files\MassZone</Filter>
    </ClInclude>
    <ClInclude Include="RaycastIntersectionTest.h">
      <Filter>Header Files\MassZone</Filter>
    </ClInclude>
    <ClInclude Include="RayIntersectionResult.h">
      <Filter>Header Files\MassZone</Filter>
    </ClInclude>
    <ClInclude Include="HostLineReactor.h">
      <Filter>Header Files\SolublePoly\Fusion</Filter>
    </ClInclude>
    <ClInclude Include="GuestLineReactor.h">
      <Filter>Header Files\SolublePoly\Fusion</Filter>
    </ClInclude>
    <ClInclude Include="SharedLineReactor.h">
      <Filter>Header Files\SolublePoly\Fusion</Filter>
    </ClInclude>
    <ClInclude Include="MassUtils.h">
      <Filter>Header Files\MassZone</Filter>
    </ClInclude>
    <ClInclude Include="CyclingDirectionFinder.h">
      <Filter>Header Files\Misc</Filter>
    </ClInclude>
    <ClInclude Include="ConsumedCleaveSequenceGroups.h">
      <Filter>Header Files\SolublePoly</Filter>
    </ClInclude>
    <ClInclude Include="UVTriangleCoordsGL.h">
      <Filter>Header Files\UV</Filter>
    </ClInclude>
    <ClInclude Include="TileLocation.h">
      <Filter>Header Files\UV</Filter>
    </ClInclude>
    <ClInclude Include="imgui\imconfig.h">
      <Filter>Header Files\ImGui</Filter>
    </ClInclude>
    <ClInclude Include="imgui\imstb_rectpack.h">
      <Filter>Header Files\ImGui</Filter>
    </ClInclude>
    <ClInclude Include="imgui\imstb_textedit.h">
      <Filter>Header Files\ImGui</Filter>
    </ClInclude>
    <ClInclude Include="imgui\imstb_truetype.h">
      <Filter>Header Files\ImGui</Filter>
    </ClInclude>
    <ClInclude Include="EmptyNormalFinder.h">
      <Filter>Header Files\SolublePoly</Filter>
    </ClInclude>
    <ClInclude Include="LineReactorBase.h">
      <Filter>Header Files\SolublePoly\Fusion</Filter>
    </ClInclude>
    <ClInclude Include="InterceptRegister.h">
      <Filter>Header Files\SolublePoly</Filter>
    </ClInclude>
    <ClInclude Include="IRGroup.h">
      <Filter>Header Files\SolublePoly</Filter>
    </ClInclude>
    <ClInclude Include="IRLine.h">
      <Filter>Header Files\SolublePoly</Filter>
    </ClInclude>
    <ClInclude Include="IRPointType.h">
      <Filter>Header Files\SolublePoly</Filter>
    </ClInclude>
    <ClInclude Include="IntersectionLineGroup.h">
      <Filter>Header Files\SolublePoly</Filter>
    </ClInclude>
    <ClInclude Include="IntersectionLineValidity.h">
      <Filter>Header Files\SolublePoly</Filter>
    </ClInclude>
    <ClInclude Include="ContestableBorderLineMap.h">
      <Filter>Header Files\MassZone</Filter>
    </ClInclude>
    <ClInclude Include="DistanceToPoint.h">
      <Filter>Header Files\SolublePoly</Filter>
    </ClInclude>
    <ClInclude Include="RProductFaceRootPoints.h">
      <Filter>Header Files\RasterizedMass</Filter>
    </ClInclude>
    <ClInclude Include="RMorphableMeshCornerArray.h">
      <Filter>Header Files\RasterizedMass</Filter>
    </ClInclude>
    <ClInclude Include="RMorphableMeshPointRequests.h">
      <Filter>Header Files\RasterizedMass</Filter>
    </ClInclude>
    <ClInclude Include="RPointToGridTranslator.h">
      <Filter>Header Files\RasterizedMass</Filter>
    </ClInclude>
    <ClInclude Include="OctantCorner.h">
      <Filter>Header Files\Misc</Filter>
    </ClInclude>
    <ClInclude Include="TerrainJobResults.h">
      <Filter>Header Files\Misc</Filter>
    </ClInclude>
    <ClInclude Include="TerrainMemoryMeta.h">
      <Filter>Header Files\ShaderMachines</Filter>
    </ClInclude>
    <ClInclude Include="TerrainMemoryMoveMeta.h">
      <Filter>Header Files\ShaderMachines</Filter>
    </ClInclude>
    <ClInclude Include="TerrainMemoryTracker.h">
      <Filter>Header Files\ShaderMachines</Filter>
    </ClInclude>
    <ClInclude Include="WorldLight.h">
      <Filter>Header Files\WorldLight</Filter>
    </ClInclude>
    <ClInclude Include="WorldLightContainer.h">
      <Filter>Header Files\WorldLight</Filter>
    </ClInclude>
    <ClInclude Include="WorldLightContainerMap.h">
      <Filter>Header Files\WorldLight</Filter>
    </ClInclude>
    <ClInclude Include="DynamicBufferManager.h">
      <Filter>Header Files\ShaderMachines</Filter>
    </ClInclude>
    <ClInclude Include="DynamicRasterGridCellBorders.h">
      <Filter>Header Files\RasterizedMass</Filter>
    </ClInclude>
    <ClInclude Include="OrganicGLWinUtils.h">
      <Filter>Header Files\Utility</Filter>
    </ClInclude>
    <ClInclude Include="FoundCleaveSequence.h">
      <Filter>Header Files\SolublePoly</Filter>
    </ClInclude>
    <ClInclude Include="FusedIntersectionLine.h">
      <Filter>Header Files\Misc</Filter>
    </ClInclude>
    <ClInclude Include="MappableJudge.h">
      <Filter>Header Files\MassZone</Filter>
    </ClInclude>
    <ClInclude Include="IndividualVerdict.h">
      <Filter>Header Files\MassZone</Filter>
    </ClInclude>
    <ClInclude Include="IntersectAnalyzerOption.h">
      <Filter>Header Files\Coplanar</Filter>
    </ClInclude>
    <ClInclude Include="IntersectionFindingAttempt.h">
      <Filter>Header Files\Coplanar</Filter>
    </ClInclude>
    <ClInclude Include="LookupByDimRegister.h">
      <Filter>Header Files\RasterizedMass</Filter>
    </ClInclude>
    <ClInclude Include="MappableIndividualVerdict.h">
      <Filter>Header Files\MassZone</Filter>
    </ClInclude>
    <ClInclude Include="MassManipulationMode.h">
      <Filter>Header Files\Misc</Filter>
    </ClInclude>
    <ClInclude Include="MassSubZone.h">
      <Filter>Header Files\MassZone</Filter>
    </ClInclude>
    <ClInclude Include="MeshMatterMeta.h">
      <Filter>Header Files\MassZone</Filter>
    </ClInclude>
    <ClInclude Include="NextCleaveSequenceFinder.h">
      <Filter>Header Files\SolublePoly</Filter>
    </ClInclude>
    <ClInclude Include="NonBoundMerger.h">
      <Filter>Header Files\SolublePoly</Filter>
    </ClInclude>
    <ClInclude Include="OrganicShaderLoader.h">
      <Filter>Header Files\Utility</Filter>
    </ClInclude>
    <ClInclude Include="PermitType.h">
      <Filter>Header Files\SolublePoly</Filter>
    </ClInclude>
    <ClInclude Include="OrientedQuad.h">
      <Filter>Header Files\OrientedQuad</Filter>
    </ClInclude>
    <ClInclude Include="OrientedQuadPanel.h">
      <Filter>Header Files\OrientedQuad</Filter>
    </ClInclude>
    <ClInclude Include="OrientedQuadPlane.h">
      <Filter>Header Files\OrientedQuad</Filter>
    </ClInclude>
    <ClInclude Include="OrientedQuadPoint.h">
      <Filter>Header Files\OrientedQuad</Filter>
    </ClInclude>
    <ClInclude Include="OrientedQuadQuadrant.h">
      <Filter>Header Files\OrientedQuad</Filter>
    </ClInclude>
    <ClInclude Include="OrientedQuadType.h">
      <Filter>Header Files\OrientedQuad</Filter>
    </ClInclude>
    <ClInclude Include="SummaryScanResult.h">
      <Filter>Header Files\SolublePoly\Fusion</Filter>
    </ClInclude>
    <ClInclude Include="ThreeDLineSegment.h">
      <Filter>Header Files\Misc</Filter>
    </ClInclude>
    <ClInclude Include="TracingObserver.h">
      <Filter>Header Files\SolublePoly</Filter>
    </ClInclude>
    <ClInclude Include="TracingObserverState.h">
      <Filter>Header Files\SolublePoly</Filter>
    </ClInclude>
    <ClInclude Include="Triangle.h">
      <Filter>Header Files\OrientedQuad</Filter>
    </ClInclude>
    <ClInclude Include="UnsolvedPreciseSolver.h">
      <Filter>Header Files\SolublePoly</Filter>
    </ClInclude>
    <ClInclude Include="UsableCleaveSequenceCalculator.h">
      <Filter>Header Files\SolublePoly</Filter>
    </ClInclude>
    <ClInclude Include="Vec3Result.h">
      <Filter>Header Files\Quaternions</Filter>
    </ClInclude>
    <ClInclude Include="SPolyMode.h">
      <Filter>Header Files\SolublePoly</Filter>
    </ClInclude>
    <ClInclude Include="CSCorrectionCandidate.h">
      <Filter>Header Files\SolublePoly\SPolyResolution\FaceResolvers</Filter>
    </ClInclude>
    <ClInclude Include="OneOffMacros.h">
      <Filter>Header Files\ShaderMachines</Filter>
    </ClInclude>
    <ClInclude Include="RenderablePrimitiveBase.h">
      <Filter>Header Files\ShaderMachines\RenderablePrimitives</Filter>
    </ClInclude>
    <ClInclude Include="RenderableCube.h">
      <Filter>Header Files\ShaderMachines\RenderablePrimitives</Filter>
    </ClInclude>
    <ClInclude Include="RenderablePrimitiveContainer.h">
      <Filter>Header Files\ShaderMachines\RenderablePrimitives</Filter>
    </ClInclude>
    <ClInclude Include="SPolyUtils.h">
      <Filter>Header Files\SolublePoly\SPolyUtils</Filter>
    </ClInclude>
    <ClInclude Include="ImGuiWindowFeedback.h">
      <Filter>Header Files\ImGui</Filter>
    </ClInclude>
    <ClInclude Include="SMDeferredLightingComputeV2.h">
      <Filter>Header Files\ShaderMachines</Filter>
    </ClInclude>
    <ClInclude Include="ComputeCopyRBGFromTextureToImageGearT1.h">
      <Filter>Header Files\ShaderMachines\Gears\absolute_mode\ComputeCopyRBGFromTextureToImageGearT1</Filter>
    </ClInclude>
    <ClInclude Include="DeferredComputeGearT1.h">
      <Filter>Header Files\ShaderMachines\Gears\absolute_mode\DeferredComputeGearT1</Filter>
    </ClInclude>
    <ClInclude Include="DeferredComputeResultsGearT1.h">
      <Filter>Header Files\ShaderMachines\Gears\absolute_mode\DeferredComputeResultsGearT1</Filter>
    </ClInclude>
    <ClInclude Include="DeferredLightingComputeGearT1.h">
      <Filter>Header Files\ShaderMachines\Gears\absolute_mode\DeferredLightingComputeGearT1</Filter>
    </ClInclude>
    <ClInclude Include="Gear.h">
      <Filter>Header Files\ShaderMachines\Gears</Filter>
    </ClInclude>
    <ClInclude Include="GLProgramIDIndex.h">
      <Filter>Header Files\ShaderMachines\Gears</Filter>
    </ClInclude>
    <ClInclude Include="HighlighterGearT1.h">
      <Filter>Header Files\ShaderMachines\Gears\absolute_mode\HighlighterGearT1</Filter>
    </ClInclude>
    <ClInclude Include="InstancedHighlighterGearT1.h">
      <Filter>Header Files\ShaderMachines\Gears\absolute_mode\InstancedHighlighterGearT1</Filter>
    </ClInclude>
    <ClInclude Include="TerrainComputeGearT1.h">
      <Filter>Header Files\ShaderMachines\Gears\absolute_mode\TerrainComputeGearT1</Filter>
    </ClInclude>
    <ClInclude Include="TerrainDebugGearT1.h">
      <Filter>Header Files\ShaderMachines\Gears\absolute_mode\TerrainDebugGear</Filter>
    </ClInclude>
    <ClInclude Include="TerrainForwardGearT1.h">
      <Filter>Header Files\ShaderMachines\Gears\absolute_mode\TerrainForwardGearT1</Filter>
    </ClInclude>
    <ClInclude Include="TerrainGearT1.h">
      <Filter>Header Files\ShaderMachines\Gears\absolute_mode\TerrainGearT1</Filter>
    </ClInclude>
    <ClInclude Include="TerrainLightingComputeGearBP.h">
      <Filter>Header Files\ShaderMachines\Gears\absolute_mode\TerrainLightingComputeGearBP</Filter>
    </ClInclude>
    <ClInclude Include="TerrainLightingComputeGearT1.h">
      <Filter>Header Files\ShaderMachines\Gears\absolute_mode\TerrainLightingComputeGearT1</Filter>
    </ClInclude>
    <ClInclude Include="TerrainPrimitiveGearT1.h">
      <Filter>Header Files\ShaderMachines\Gears\absolute_mode\TerrainPrimitiveGearT1</Filter>
    </ClInclude>
    <ClInclude Include="TerrainSimpleGearT1.h">
      <Filter>Header Files\ShaderMachines\Gears\absolute_mode\TerrainSimpleGearT1</Filter>
    </ClInclude>
    <ClInclude Include="WaveHighlighterGearT1.h">
      <Filter>Header Files\ShaderMachines\Gears\absolute_mode\WaveHighlighterGearT1</Filter>
    </ClInclude>
    <ClInclude Include="GLDataType.h">
      <Filter>Header Files\ShaderMachines\Generic</Filter>
    </ClInclude>
    <ClInclude Include="GLDrawElementsInstancedJob.h">
      <Filter>Header Files\ShaderMachines\Generic</Filter>
    </ClInclude>
    <ClInclude Include="GLMultiDrawArrayJob.h">
      <Filter>Header Files\ShaderMachines\Generic</Filter>
    </ClInclude>
    <ClInclude Include="GLUniformRegistry.h">
      <Filter>Header Files\ShaderMachines\Generic</Filter>
    </ClInclude>
    <ClInclude Include="GLUniformRequest.h">
      <Filter>Header Files\ShaderMachines\Generic</Filter>
    </ClInclude>
    <ClInclude Include="GPUWorldCoordinate.h">
      <Filter>Header Files\ShaderMachines\Generic</Filter>
    </ClInclude>
    <ClInclude Include="GPUWorldCoordinateProducer.h">
      <Filter>Header Files\ShaderMachines\Generic</Filter>
    </ClInclude>
  </ItemGroup>
  <ItemGroup>
    <ClCompile Include="stdafx.cpp">
      <Filter>Source Files</Filter>
    </ClCompile>
    <ClCompile Include="SimpleUnique.cpp">
      <Filter>Source Files</Filter>
    </ClCompile>
    <ClCompile Include="SliceFinder.cpp">
      <Filter>Source Files</Filter>
    </ClCompile>
    <ClCompile Include="RasterCubeTracerBase.cpp">
      <Filter>Source Files\RasterizedMass</Filter>
    </ClCompile>
    <ClCompile Include="RasterGrid3dBase.cpp">
      <Filter>Source Files\RasterizedMass</Filter>
    </ClCompile>
    <ClCompile Include="RasterizationPointAdjuster.cpp">
      <Filter>Source Files\RasterizedMass</Filter>
    </ClCompile>
    <ClCompile Include="Rasterized3DMassGrid.cpp">
      <Filter>Source Files\RasterizedMass</Filter>
    </ClCompile>
    <ClCompile Include="RaycastIntersectionTest.cpp">
      <Filter>Source Files\RasterizedMass</Filter>
    </ClCompile>
    <ClCompile Include="RayIntersectionResult.cpp">
      <Filter>Source Files\RasterizedMass</Filter>
    </ClCompile>
    <ClCompile Include="RCollisionPointArray.cpp">
      <Filter>Source Files\RasterizedMass</Filter>
    </ClCompile>
    <ClCompile Include="RMorphableAreaScanner.cpp">
      <Filter>Source Files\RasterizedMass</Filter>
    </ClCompile>
    <ClCompile Include="RMorphableMesh.cpp">
      <Filter>Source Files\RasterizedMass</Filter>
    </ClCompile>
    <ClCompile Include="RMorphableMeshGroup.cpp">
      <Filter>Source Files\RasterizedMass</Filter>
    </ClCompile>
    <ClCompile Include="RPoly.cpp">
      <Filter>Source Files\RasterizedMass</Filter>
    </ClCompile>
    <ClCompile Include="RTriangle.cpp">
      <Filter>Source Files\RasterizedMass</Filter>
    </ClCompile>
    <ClCompile Include="RTriangleInteriorAreaTracer.cpp">
      <Filter>Source Files\RasterizedMass</Filter>
    </ClCompile>
    <ClCompile Include="RTriangleLineTracer.cpp">
      <Filter>Source Files\RasterizedMass</Filter>
    </ClCompile>
    <ClCompile Include="RUtils.cpp">
      <Filter>Source Files\RasterizedMass</Filter>
    </ClCompile>
    <ClCompile Include="CoplanarAreaRasterizer.cpp">
      <Filter>Source Files\Coplanar</Filter>
    </ClCompile>
    <ClCompile Include="CoplanarCategorizedLineProducer.cpp">
      <Filter>Source Files\Coplanar</Filter>
    </ClCompile>
    <ClCompile Include="CoplanarChecker.cpp">
      <Filter>Source Files\Coplanar</Filter>
    </ClCompile>
    <ClCompile Include="CoplanarFusionMachine.cpp">
      <Filter>Source Files\Coplanar</Filter>
    </ClCompile>
    <ClCompile Include="CoplanarMassCreator.cpp">
      <Filter>Source Files\Coplanar</Filter>
    </ClCompile>
    <ClCompile Include="CoplanarMassManipulator.cpp">
      <Filter>Source Files\Coplanar</Filter>
    </ClCompile>
    <ClCompile Include="CoplanarRelationshipDebugFlags.cpp">
      <Filter>Source Files\Coplanar</Filter>
    </ClCompile>
    <ClCompile Include="CoplanarRelationships.cpp">
      <Filter>Source Files\Coplanar</Filter>
    </ClCompile>
    <ClCompile Include="CoplanarRelationshipTracker.cpp">
      <Filter>Source Files\Coplanar</Filter>
    </ClCompile>
    <ClCompile Include="SPoly.cpp">
      <Filter>Source Files\SolublePoly</Filter>
    </ClCompile>
    <ClCompile Include="SPolyFracturer.cpp">
      <Filter>Source Files\SolublePoly</Filter>
    </ClCompile>
    <ClCompile Include="SPolyScaler.cpp">
      <Filter>Source Files\SolublePoly</Filter>
    </ClCompile>
    <ClCompile Include="SPolyScalingOps.cpp">
      <Filter>Source Files\SolublePoly</Filter>
    </ClCompile>
    <ClCompile Include="SPolySet.cpp">
      <Filter>Source Files\SolublePoly</Filter>
    </ClCompile>
    <ClCompile Include="STriangle.cpp">
      <Filter>Source Files\SolublePoly</Filter>
    </ClCompile>
    <ClCompile Include="STriangleCutter.cpp">
      <Filter>Source Files\SolublePoly</Filter>
    </ClCompile>
    <ClCompile Include="CategorizedLine.cpp">
      <Filter>Source Files\SolublePoly</Filter>
    </ClCompile>
    <ClCompile Include="CategorizedLineASliceMerger.cpp">
      <Filter>Source Files\SolublePoly</Filter>
    </ClCompile>
    <ClCompile Include="CategorizedLineColinearTester.cpp">
      <Filter>Source Files\SolublePoly</Filter>
    </ClCompile>
    <ClCompile Include="CategorizedLineInterceptsPointPreciseMerger.cpp">
      <Filter>Source Files\SolublePoly</Filter>
    </ClCompile>
    <ClCompile Include="CategorizedLineInterceptsPreciseToPartialMerger.cpp">
      <Filter>Source Files\SolublePoly</Filter>
    </ClCompile>
    <ClCompile Include="CategorizedLineManager.cpp">
      <Filter>Source Files\SolublePoly</Filter>
    </ClCompile>
    <ClCompile Include="CategorizedLineMergeMachineBase.cpp">
      <Filter>Source Files\SolublePoly</Filter>
    </ClCompile>
    <ClCompile Include="CategorizedLineMerger.cpp">
      <Filter>Source Files\SolublePoly</Filter>
    </ClCompile>
    <ClCompile Include="CategorizedLinePartialBoundMerger.cpp">
      <Filter>Source Files\SolublePoly</Filter>
    </ClCompile>
    <ClCompile Include="CategorizedLinePlaceboMerger.cpp">
      <Filter>Source Files\SolublePoly</Filter>
    </ClCompile>
    <ClCompile Include="CleaveSequence.cpp">
      <Filter>Source Files\SolublePoly</Filter>
    </ClCompile>
    <ClCompile Include="CleaveSequenceFactory.cpp">
      <Filter>Source Files\SolublePoly</Filter>
    </ClCompile>
    <ClCompile Include="CleaveSequenceIntersectFinder.cpp">
      <Filter>Source Files\SolublePoly</Filter>
    </ClCompile>
    <ClCompile Include="CleaveSequenceMeta.cpp">
      <Filter>Source Files\SolublePoly</Filter>
    </ClCompile>
    <ClCompile Include="CleaveSequenceResolver.cpp">
      <Filter>Source Files\SolublePoly</Filter>
    </ClCompile>
    <ClCompile Include="BorderLineIntersectRecorder.cpp">
      <Filter>Source Files\SolublePoly</Filter>
    </ClCompile>
    <ClCompile Include="BorderLineCycle.cpp">
      <Filter>Source Files\SolublePoly</Filter>
    </ClCompile>
    <ClCompile Include="BorderLineCycler.cpp">
      <Filter>Source Files\SolublePoly</Filter>
    </ClCompile>
    <ClCompile Include="BorderLineInterceptRecord.cpp">
      <Filter>Source Files\SolublePoly</Filter>
    </ClCompile>
    <ClCompile Include="MassZone.cpp">
      <Filter>Source Files\MassZone</Filter>
    </ClCompile>
    <ClCompile Include="MassZoneBox.cpp">
      <Filter>Source Files\MassZone</Filter>
    </ClCompile>
    <ClCompile Include="MassZoneBoxBoundarySPolySet.cpp">
      <Filter>Source Files\MassZone</Filter>
    </ClCompile>
    <ClCompile Include="MassZoneMaster.cpp">
      <Filter>Source Files\MassZone</Filter>
    </ClCompile>
    <ClCompile Include="MassZonePointClipper.cpp">
      <Filter>Source Files\MassZone</Filter>
    </ClCompile>
    <ClCompile Include="MassZoneShellSlice.cpp">
      <Filter>Source Files\MassZone</Filter>
    </ClCompile>
    <ClCompile Include="PointToMassRelationshipJudge.cpp">
      <Filter>Source Files\MassZone</Filter>
    </ClCompile>
    <ClCompile Include="PointToMassTrial.cpp">
      <Filter>Source Files\MassZone</Filter>
    </ClCompile>
    <ClCompile Include="PointToSPolyRelationshipTrackerContainer.cpp">
      <Filter>Source Files\MassZone</Filter>
    </ClCompile>
    <ClCompile Include="CollectiveVerdictMachine.cpp">
      <Filter>Source Files\MassZone</Filter>
    </ClCompile>
    <ClCompile Include="CutLineTraceObserver.cpp">
      <Filter>Source Files\Coplanar</Filter>
    </ClCompile>
    <ClCompile Include="CutLineWelder.cpp">
      <Filter>Source Files\Coplanar</Filter>
    </ClCompile>
    <ClCompile Include="CuttableTriangle.cpp">
      <Filter>Source Files\Coplanar</Filter>
    </ClCompile>
    <ClCompile Include="CuttableTriangleContainer.cpp">
      <Filter>Source Files\Coplanar</Filter>
    </ClCompile>
    <ClCompile Include="CuttableTriangleLine.cpp">
      <Filter>Source Files\Coplanar</Filter>
    </ClCompile>
    <ClCompile Include="CuttingTriangle.cpp">
      <Filter>Source Files\Coplanar</Filter>
    </ClCompile>
    <ClCompile Include="CuttingTriangleManager.cpp">
      <Filter>Source Files\Coplanar</Filter>
    </ClCompile>
    <ClCompile Include="CutTriangleGroupBuilder.cpp">
      <Filter>Source Files\Coplanar</Filter>
    </ClCompile>
    <ClCompile Include="WeldedTriangleGroupBuilder.cpp">
      <Filter>Source Files\SolublePoly</Filter>
    </ClCompile>
    <ClCompile Include="ShaderMachineBase.cpp">
      <Filter>Source Files\ShaderMachines</Filter>
    </ClCompile>
    <ClCompile Include="SMDebugV1.cpp">
      <Filter>Source Files\ShaderMachines</Filter>
    </ClCompile>
    <ClCompile Include="SMDeferredComputeV1.cpp">
      <Filter>Source Files\ShaderMachines</Filter>
    </ClCompile>
    <ClCompile Include="SMDeferredLightingComputeV1.cpp">
      <Filter>Source Files\ShaderMachines</Filter>
    </ClCompile>
    <ClCompile Include="SMDeferredV1.cpp">
      <Filter>Source Files\ShaderMachines</Filter>
    </ClCompile>
    <ClCompile Include="SMDeferredV2.cpp">
      <Filter>Source Files\ShaderMachines</Filter>
    </ClCompile>
    <ClCompile Include="SMForwardV1.cpp">
      <Filter>Source Files\ShaderMachines</Filter>
    </ClCompile>
    <ClCompile Include="SMForwardV2.cpp">
      <Filter>Source Files\ShaderMachines</Filter>
    </ClCompile>
    <ClCompile Include="SMPrimitiveV1.cpp">
      <Filter>Source Files\ShaderMachines</Filter>
    </ClCompile>
    <ClCompile Include="FusedPoint.cpp">
      <Filter>Source Files\SolublePoly\Fusion</Filter>
    </ClCompile>
    <ClCompile Include="FusedPointContainer.cpp">
      <Filter>Source Files\SolublePoly\Fusion</Filter>
    </ClCompile>
    <ClCompile Include="FusedPointReactor.cpp">
      <Filter>Source Files\SolublePoly\Fusion</Filter>
    </ClCompile>
    <ClCompile Include="FusionAnalysis.cpp">
      <Filter>Source Files\SolublePoly\Fusion</Filter>
    </ClCompile>
    <ClCompile Include="FusionCandidateProducer.cpp">
      <Filter>Source Files\SolublePoly\Fusion</Filter>
    </ClCompile>
    <ClCompile Include="Gear.cpp">
      <Filter>Source Files\ShaderMachines\Gears</Filter>
    </ClCompile>
    <ClCompile Include="QMBoolAreLinesColinear.cpp">
      <Filter>Source Files\Quaternions</Filter>
    </ClCompile>
    <ClCompile Include="QMBoolBase.cpp">
      <Filter>Source Files\Quaternions</Filter>
    </ClCompile>
    <ClCompile Include="QMBoolDoLinesIntersect.cpp">
      <Filter>Source Files\Quaternions</Filter>
    </ClCompile>
    <ClCompile Include="QMBoolIsColinearLineAContainedWithinB.cpp">
      <Filter>Source Files\Quaternions</Filter>
    </ClCompile>
    <ClCompile Include="QMBoolIsPointWithinPBZMassSide.cpp">
      <Filter>Source Files\Quaternions</Filter>
    </ClCompile>
    <ClCompile Include="QMBoolIsTJunctionCuttable.cpp">
      <Filter>Source Files\Quaternions</Filter>
    </ClCompile>
    <ClCompile Include="QMBoolPointWithinTrianglePBZ.cpp">
      <Filter>Source Files\Quaternions</Filter>
    </ClCompile>
    <ClCompile Include="QMBoolResolveContestedCategorizedLine.cpp">
      <Filter>Source Files\Quaternions</Filter>
    </ClCompile>
    <ClCompile Include="QMFindPointToMassRelationship.cpp">
      <Filter>Source Files\Quaternions</Filter>
    </ClCompile>
    <ClCompile Include="QMVec3Base.cpp">
      <Filter>Source Files\Quaternions</Filter>
    </ClCompile>
    <ClCompile Include="QMVec3FindCyclingDirection.cpp">
      <Filter>Source Files\Quaternions</Filter>
    </ClCompile>
    <ClCompile Include="QMVec3FindOrientatedLineNormal.cpp">
      <Filter>Source Files\Quaternions</Filter>
    </ClCompile>
    <ClCompile Include="QMVec3ResultBase.cpp">
      <Filter>Source Files\Quaternions</Filter>
    </ClCompile>
    <ClCompile Include="QMVoidAlignTriangleToXYPlane.cpp">
      <Filter>Source Files\Quaternions</Filter>
    </ClCompile>
    <ClCompile Include="QMVoidBase.cpp">
      <Filter>Source Files\Quaternions</Filter>
    </ClCompile>
    <ClCompile Include="QMVoidFindCyclingDirection.cpp">
      <Filter>Source Files\Quaternions</Filter>
    </ClCompile>
    <ClCompile Include="QMVoidTranslatePointsForRasterization.cpp">
      <Filter>Source Files\Quaternions</Filter>
    </ClCompile>
    <ClCompile Include="QuatUtils.cpp">
      <Filter>Source Files\Quaternions</Filter>
    </ClCompile>
    <ClCompile Include="RAdditiveSliceBase.cpp">
      <Filter>Source Files\RasterizedMass</Filter>
    </ClCompile>
    <ClCompile Include="RAdditiveXSlice.cpp">
      <Filter>Source Files\RasterizedMass</Filter>
    </ClCompile>
    <ClCompile Include="RAdditiveXSliceEastEnd.cpp">
      <Filter>Source Files\RasterizedMass</Filter>
    </ClCompile>
    <ClCompile Include="RAdditiveXSliceWestEnd.cpp">
      <Filter>Source Files\RasterizedMass</Filter>
    </ClCompile>
    <ClCompile Include="RAdditiveXSliceStandalone.cpp">
      <Filter>Source Files\RasterizedMass</Filter>
    </ClCompile>
    <ClCompile Include="RCollisionPointModifier.cpp">
      <Filter>Source Files\RasterizedMass</Filter>
    </ClCompile>
    <ClCompile Include="RCollisionPointCaster.cpp">
      <Filter>Source Files\RasterizedMass</Filter>
    </ClCompile>
    <ClCompile Include="RMatterGenerator.cpp">
      <Filter>Source Files\RasterizedMass</Filter>
    </ClCompile>
    <ClCompile Include="RMatterCollider.cpp">
      <Filter>Source Files\RasterizedMass</Filter>
    </ClCompile>
    <ClCompile Include="PTriangleMeshPointCalibrator.cpp">
      <Filter>Source Files\RasterizedMass</Filter>
    </ClCompile>
    <ClCompile Include="DynamicRasterGridCellBorders.cpp">
      <Filter>Source Files\RasterizedMass</Filter>
    </ClCompile>
    <ClCompile Include="MassGridArray.cpp">
      <Filter>Source Files\RasterizedMass</Filter>
    </ClCompile>
    <ClCompile Include="PTriangle.cpp">
      <Filter>Source Files\RasterizedMass</Filter>
    </ClCompile>
    <ClCompile Include="BrasenhamMassTracer.cpp">
      <Filter>Source Files\RasterizedMass</Filter>
    </ClCompile>
    <ClCompile Include="KeyPressTracker.cpp">
      <Filter>Source Files\ShaderMachines</Filter>
    </ClCompile>
    <ClCompile Include="SPolyShellProducer.cpp">
      <Filter>Source Files\SolublePoly</Filter>
    </ClCompile>
    <ClCompile Include="SPolyResolution.cpp">
      <Filter>Source Files\SolublePoly\SPolyResolution</Filter>
    </ClCompile>
    <ClCompile Include="PosXFaceResolver.cpp">
      <Filter>Source Files\SolublePoly\SPolyResolution\FaceResolvers</Filter>
    </ClCompile>
    <ClCompile Include="NegXFaceResolver.cpp">
      <Filter>Source Files\SolublePoly\SPolyResolution\FaceResolvers</Filter>
    </ClCompile>
    <ClCompile Include="PosYFaceResolver.cpp">
      <Filter>Source Files\SolublePoly\SPolyResolution\FaceResolvers</Filter>
    </ClCompile>
    <ClCompile Include="NegYFaceResolver.cpp">
      <Filter>Source Files\SolublePoly\SPolyResolution\FaceResolvers</Filter>
    </ClCompile>
    <ClCompile Include="PosZFaceResolver.cpp">
      <Filter>Source Files\SolublePoly\SPolyResolution\FaceResolvers</Filter>
    </ClCompile>
    <ClCompile Include="NegZFaceResolver.cpp">
      <Filter>Source Files\SolublePoly\SPolyResolution\FaceResolvers</Filter>
    </ClCompile>
    <ClCompile Include="FaceResolverBase.cpp">
      <Filter>Source Files\SolublePoly\SPolyResolution\FaceResolvers</Filter>
    </ClCompile>
    <ClCompile Include="LineWelder.cpp">
      <Filter>Source Files\SolublePoly</Filter>
    </ClCompile>
    <ClCompile Include="ShaderBase.cpp">
      <Filter>Source Files\Shader</Filter>
    </ClCompile>
    <ClCompile Include="ShaderManagerDeferred1.cpp">
      <Filter>Source Files\Shader</Filter>
    </ClCompile>
    <ClCompile Include="ShaderManagerDeferred2.cpp">
      <Filter>Source Files\Shader</Filter>
    </ClCompile>
    <ClCompile Include="ShaderManagerDeferred2Debug.cpp">
      <Filter>Source Files\Shader</Filter>
    </ClCompile>
    <ClCompile Include="ShaderManagerMode0.cpp">
      <Filter>Source Files\Shader</Filter>
    </ClCompile>
    <ClCompile Include="ShaderManagerMode1.cpp">
      <Filter>Source Files\Shader</Filter>
    </ClCompile>
    <ClCompile Include="ShaderManagerMode2.cpp">
      <Filter>Source Files\Shader</Filter>
    </ClCompile>
    <ClCompile Include="ShaderManagerMode3.cpp">
      <Filter>Source Files\Shader</Filter>
    </ClCompile>
    <ClCompile Include="imgui\imgui.cpp">
      <Filter>Source Files\ImGui</Filter>
    </ClCompile>
    <ClCompile Include="imgui\imgui_demo.cpp">
      <Filter>Source Files\ImGui</Filter>
    </ClCompile>
    <ClCompile Include="imgui\imgui_draw.cpp">
      <Filter>Source Files\ImGui</Filter>
    </ClCompile>
    <ClCompile Include="imgui\imgui_impl_glfw.cpp">
      <Filter>Source Files\ImGui</Filter>
    </ClCompile>
    <ClCompile Include="imgui\imgui_impl_opengl3.cpp">
      <Filter>Source Files\ImGui</Filter>
    </ClCompile>
    <ClCompile Include="imgui\imgui_widgets.cpp">
      <Filter>Source Files\ImGui</Filter>
    </ClCompile>
    <ClCompile Include="ImGuiInputText.cpp">
      <Filter>Source Files\ImGui</Filter>
    </ClCompile>
    <ClCompile Include="TimeBasedWaveBase.cpp">
      <Filter>Source Files\TimeBased\Wave</Filter>
    </ClCompile>
    <ClCompile Include="TimeBasedWaveManager.cpp">
      <Filter>Source Files\TimeBased\Wave</Filter>
    </ClCompile>
    <ClCompile Include="SinTBW.cpp">
      <Filter>Source Files\TimeBased\Wave\Sin</Filter>
    </ClCompile>
    <ClCompile Include="TwoDIntersectionRecordManager.cpp">
      <Filter>Source Files\Coplanar</Filter>
    </ClCompile>
    <ClCompile Include="TwoDLineSegment.cpp">
      <Filter>Source Files\Coplanar</Filter>
    </ClCompile>
    <ClCompile Include="TwoDLineSegmentIntersectAnalyzerV2.cpp">
      <Filter>Source Files\Coplanar</Filter>
    </ClCompile>
    <ClCompile Include="TwoDLineSegmentJudge.cpp">
      <Filter>Source Files\Coplanar</Filter>
    </ClCompile>
    <ClCompile Include="RCollisionPoint.cpp">
      <Filter>Source Files\RasterizedMass</Filter>
    </ClCompile>
    <ClCompile Include="GuestLineReactor.cpp">
      <Filter>Source Files\SolublePoly\Fusion</Filter>
    </ClCompile>
    <ClCompile Include="SharedLineReactor.cpp">
      <Filter>Source Files\SolublePoly\Fusion</Filter>
    </ClCompile>
    <ClCompile Include="HostLineReactor.cpp">
      <Filter>Source Files\SolublePoly\Fusion</Filter>
    </ClCompile>
    <ClCompile Include="MassUtils.cpp">
      <Filter>Source Files\MassZone</Filter>
    </ClCompile>
    <ClCompile Include="CyclingDirectionFinder.cpp">
      <Filter>Source Files\Misc</Filter>
    </ClCompile>
    <ClCompile Include="EmptyNormalFinder.cpp">
      <Filter>Source Files\SolublePoly</Filter>
    </ClCompile>
    <ClCompile Include="InterceptRegister.cpp">
      <Filter>Source Files\SolublePoly</Filter>
    </ClCompile>
    <ClCompile Include="IntersectionLine.cpp">
      <Filter>Source Files\SolublePoly</Filter>
    </ClCompile>
    <ClCompile Include="IntersectionLineGroup.cpp">
      <Filter>Source Files\SolublePoly</Filter>
    </ClCompile>
    <ClCompile Include="GLMultiDrawArrayJob.cpp">
      <Filter>Source Files\ShaderMachines\Generic</Filter>
    </ClCompile>
    <ClCompile Include="GLUniformRegistry.cpp">
      <Filter>Source Files\ShaderMachines\Generic</Filter>
    </ClCompile>
    <ClCompile Include="GLUniformRequest.cpp">
      <Filter>Source Files\ShaderMachines\Generic</Filter>
    </ClCompile>
    <ClCompile Include="ContestedBorderLineMap.cpp">
      <Filter>Source Files\MassZone</Filter>
    </ClCompile>
    <ClCompile Include="TerrainMemoryTracker.cpp">
      <Filter>Source Files\ShaderMachines</Filter>
    </ClCompile>
    <ClCompile Include="WorldLightContainerMap.cpp">
      <Filter>Source Files\WorldLight</Filter>
    </ClCompile>
    <ClCompile Include="DynamicBufferManager.cpp">
      <Filter>Source Files\ShaderMachines</Filter>
    </ClCompile>
    <ClCompile Include="OrganicGLWinUtils.cpp">
      <Filter>Source Files\Utility</Filter>
    </ClCompile>
    <ClCompile Include="IntersectionResult.cpp">
      <Filter>Source Files\SolublePoly\Fusion</Filter>
    </ClCompile>
    <ClCompile Include="MeshMatterMeta.cpp">
      <Filter>Source Files\MassZone</Filter>
    </ClCompile>
    <ClCompile Include="TwoDLineSegmentIntersectAnalyzer.cpp">
      <Filter>Source Files\Coplanar</Filter>
    </ClCompile>
    <ClCompile Include="LookupByDimRegister.cpp">
      <Filter>Source Files\RasterizedMass</Filter>
    </ClCompile>
    <ClCompile Include="NextCleaveSequenceFinder.cpp">
      <Filter>Source Files\SolublePoly</Filter>
    </ClCompile>
    <ClCompile Include="NonBoundMerger.cpp">
      <Filter>Source Files\SolublePoly</Filter>
    </ClCompile>
    <ClCompile Include="OrganicShaderLoader.cpp">
      <Filter>Source Files\Utility</Filter>
    </ClCompile>
    <ClCompile Include="OrientedQuad.cpp">
      <Filter>Source Files\OrientedQuad</Filter>
    </ClCompile>
    <ClCompile Include="OrientedQuadPanel.cpp">
      <Filter>Source Files\OrientedQuad</Filter>
    </ClCompile>
    <ClCompile Include="TracingObserver.cpp">
      <Filter>Source Files\SolublePoly</Filter>
    </ClCompile>
    <ClCompile Include="UnsolvedPreciseSolver.cpp">
      <Filter>Source Files\SolublePoly</Filter>
    </ClCompile>
    <ClCompile Include="UsableCleaveSequenceCalculator.cpp">
      <Filter>Source Files\SolublePoly</Filter>
    </ClCompile>
    <ClCompile Include="RenderablePrimitiveBase.cpp">
      <Filter>Source Files\ShaderMachines\RenderablePrimitives</Filter>
    </ClCompile>
    <ClCompile Include="RenderableCube.cpp">
      <Filter>Source Files\ShaderMachines\RenderablePrimitives</Filter>
    </ClCompile>
    <ClCompile Include="RenderablePrimitiveContainer.cpp">
      <Filter>Source Files\ShaderMachines\RenderablePrimitives</Filter>
    </ClCompile>
    <ClCompile Include="SPolyUtils.cpp">
      <Filter>Source Files\SolublePoly\SPolyUtils</Filter>
    </ClCompile>
    <ClCompile Include="GLProgramIdIndex.cpp">
      <Filter>Source Files\ShaderMachines\Gears</Filter>
    </ClCompile>
    <ClCompile Include="SMDeferredLightingComputeV2.cpp">
      <Filter>Source Files\ShaderMachines</Filter>
    </ClCompile>
    <ClCompile Include="ComputeCopyRBGFromTextureToImageGearT1.cpp">
      <Filter>Source Files\ShaderMachines\Gears\absolute_mode\ComputeCopyRBGFromTextureToImageGearT1</Filter>
    </ClCompile>
    <ClCompile Include="DeferredComputeGearT1.cpp">
      <Filter>Source Files\ShaderMachines\Gears\absolute_mode\DeferredComputeGearT1</Filter>
    </ClCompile>
    <ClCompile Include="DeferredComputeResultsGearT1.cpp">
      <Filter>Source Files\ShaderMachines\Gears\absolute_mode\DeferredComputeResultsGearT1</Filter>
    </ClCompile>
    <ClCompile Include="DeferredLightingComputeGearT1.cpp">
      <Filter>Source Files\ShaderMachines\Gears\absolute_mode\DeferredLightingComputeGearT1</Filter>
    </ClCompile>
    <ClCompile Include="HighlighterGearT1.cpp">
      <Filter>Source Files\ShaderMachines\Gears\absolute_mode\HighlighterGearT1</Filter>
    </ClCompile>
    <ClCompile Include="InstancedHighlighterGearT1.cpp">
      <Filter>Source Files\ShaderMachines\Gears\absolute_mode\InstancedHighlighterGearT1</Filter>
    </ClCompile>
    <ClCompile Include="TerrainComputeGearT1.cpp">
      <Filter>Source Files\ShaderMachines\Gears\absolute_mode\TerrainComputeGearT1</Filter>
    </ClCompile>
    <ClCompile Include="TerrainDebugGearT1.cpp">
      <Filter>Source Files\ShaderMachines\Gears\absolute_mode\TerrainDebugGearT1</Filter>
    </ClCompile>
    <ClCompile Include="TerrainForwardGearT1.cpp">
      <Filter>Source Files\ShaderMachines\Gears\absolute_mode\TerrainForwardGearT1</Filter>
    </ClCompile>
    <ClCompile Include="TerrainGearT1.cpp">
      <Filter>Source Files\ShaderMachines\Gears\absolute_mode\TerrainGearT1</Filter>
    </ClCompile>
    <ClCompile Include="TerrainLightingComputeGearBP.cpp">
      <Filter>Source Files\ShaderMachines\Gears\absolute_mode\TerrainLightingComputeGearBP</Filter>
    </ClCompile>
    <ClCompile Include="TerrainLightingComputeGearT1.cpp">
      <Filter>Source Files\ShaderMachines\Gears\absolute_mode\TerrainLightingComputeGearT1</Filter>
    </ClCompile>
    <ClCompile Include="TerrainPrimitiveGearT1.cpp">
      <Filter>Source Files\ShaderMachines\Gears\absolute_mode\TerrainPrimitiveGearT1</Filter>
    </ClCompile>
    <ClCompile Include="TerrainSimpleGearT1.cpp">
      <Filter>Source Files\ShaderMachines\Gears\absolute_mode\TerrainSimpleGearT1</Filter>
    </ClCompile>
    <ClCompile Include="WaveHighlighterGearT1.cpp">
      <Filter>Source Files\ShaderMachines\Gears\absolute_mode\WaveHighlighterGearT1</Filter>
    </ClCompile>
    <ClCompile Include="GPUWorldCoordinate.cpp">
      <Filter>Source Files\ShaderMachines\Generic</Filter>
    </ClCompile>
    <ClCompile Include="GPUWorldCoordinateProducer.cpp">
      <Filter>Source Files\ShaderMachines\Generic</Filter>
    </ClCompile>
  </ItemGroup>
  <ItemGroup>
    <None Include="shaders\absolute_mode\Mode0_FragmentShader.fragmentshader">
      <Filter>Old_Shaders\absolute</Filter>
    </None>
    <None Include="shaders\absolute_mode\Mode0_VertexShader.vertexshader">
      <Filter>Old_Shaders\absolute</Filter>
    </None>
    <None Include="shaders\absolute_mode\Mode1_FragmentShader.fragmentshader">
      <Filter>Old_Shaders\absolute</Filter>
    </None>
    <None Include="shaders\absolute_mode\Mode1_VertexShader.vertexshader">
      <Filter>Old_Shaders\absolute</Filter>
    </None>
    <None Include="shaders\absolute_mode\Mode2_FragmentShader.fragmentshader">
      <Filter>Old_Shaders\absolute</Filter>
    </None>
    <None Include="shaders\absolute_mode\Mode2_VertexShader.vertexshader">
      <Filter>Old_Shaders\absolute</Filter>
    </None>
    <None Include="shaders\absolute_mode\Mode3_FragmentShader.fragmentshader">
      <Filter>Old_Shaders\absolute</Filter>
    </None>
    <None Include="shaders\absolute_mode\Mode3_VertexShader.vertexshader">
      <Filter>Old_Shaders\absolute</Filter>
    </None>
    <None Include="shaders\absolute_mode\Mode4_Deferred2_FS.fragmentshader">
      <Filter>Old_Shaders\absolute</Filter>
    </None>
    <None Include="shaders\absolute_mode\Mode4_Deferred2_VS.vertexshader">
      <Filter>Old_Shaders\absolute</Filter>
    </None>
    <None Include="shaders\absolute_mode\ComputeCopyRBGFromTextureToImageGearT1.computeshader">
      <Filter>Header Files\ShaderMachines\Gears\absolute_mode\ComputeCopyRBGFromTextureToImageGearT1</Filter>
    </None>
    <None Include="shaders\absolute_mode\DeferredComputeGearT1.computeshader">
      <Filter>Header Files\ShaderMachines\Gears\absolute_mode\DeferredComputeGearT1</Filter>
    </None>
    <None Include="shaders\absolute_mode\DeferredComputeResultsGearT1.fragmentshader">
      <Filter>Header Files\ShaderMachines\Gears\absolute_mode\DeferredComputeResultsGearT1</Filter>
    </None>
    <None Include="shaders\absolute_mode\DeferredComputeResultsGearT1.vertexshader">
      <Filter>Header Files\ShaderMachines\Gears\absolute_mode\DeferredComputeResultsGearT1</Filter>
    </None>
    <None Include="shaders\absolute_mode\DeferredLightingComputeGearT1.computeshader">
      <Filter>Header Files\ShaderMachines\Gears\absolute_mode\DeferredLightingComputeGearT1</Filter>
    </None>
    <None Include="shaders\absolute_mode\HighlighterGearT1.fragmentshader">
      <Filter>Header Files\ShaderMachines\Gears\absolute_mode\HighlighterGearT1</Filter>
    </None>
    <None Include="shaders\absolute_mode\HighlighterGearT1.vertexshader">
      <Filter>Header Files\ShaderMachines\Gears\absolute_mode\HighlighterGearT1</Filter>
    </None>
    <None Include="shaders\absolute_mode\InstancedHighlighterGearT1.fragmentshader">
      <Filter>Header Files\ShaderMachines\Gears\absolute_mode\InstancedHighlighterGearT1</Filter>
    </None>
    <None Include="shaders\absolute_mode\InstancedHighlighterGearT1.vertexshader">
      <Filter>Header Files\ShaderMachines\Gears\absolute_mode\InstancedHighlighterGearT1</Filter>
    </None>
    <None Include="shaders\absolute_mode\TerrainComputeGearT1.vertexshader">
      <Filter>Header Files\ShaderMachines\Gears\absolute_mode\TerrainComputeGearT1</Filter>
    </None>
    <None Include="shaders\absolute_mode\TerrainComputeGearT1.fragmentshader">
      <Filter>Header Files\ShaderMachines\Gears\absolute_mode\TerrainComputeGearT1</Filter>
    </None>
    <None Include="shaders\absolute_mode\TerrainDebugGearT1.vertexshader">
      <Filter>Header Files\ShaderMachines\Gears\absolute_mode\TerrainDebugGear</Filter>
    </None>
    <None Include="shaders\absolute_mode\TerrainDebugGearT1.fragmentshader">
      <Filter>Header Files\ShaderMachines\Gears\absolute_mode\TerrainDebugGear</Filter>
    </None>
    <None Include="shaders\absolute_mode\TerrainForwardGearT1.fragmentshader">
      <Filter>Header Files\ShaderMachines\Gears\absolute_mode\TerrainForwardGearT1</Filter>
    </None>
    <None Include="shaders\absolute_mode\TerrainForwardGearT1.vertexshader">
      <Filter>Header Files\ShaderMachines\Gears\absolute_mode\TerrainForwardGearT1</Filter>
    </None>
    <None Include="shaders\absolute_mode\TerrainGearT1.fragmentshader">
      <Filter>Header Files\ShaderMachines\Gears\absolute_mode\TerrainGearT1</Filter>
    </None>
    <None Include="shaders\absolute_mode\TerrainGearT1.vertexshader">
      <Filter>Header Files\ShaderMachines\Gears\absolute_mode\TerrainGearT1</Filter>
    </None>
    <None Include="shaders\absolute_mode\TerrainGearT2.vertexshader">
      <Filter>Header Files\ShaderMachines\Gears\absolute_mode\TerrainGearT2</Filter>
    </None>
    <None Include="shaders\absolute_mode\TerrainGearT2.fragmentshader">
      <Filter>Header Files\ShaderMachines\Gears\absolute_mode\TerrainGearT2</Filter>
    </None>
    <None Include="shaders\absolute_mode\TerrainLightingComputeGearBP.vertexshader">
      <Filter>Header Files\ShaderMachines\Gears\absolute_mode\TerrainLightingComputeGearBP</Filter>
    </None>
    <None Include="shaders\absolute_mode\TerrainLightingComputeGearBP.fragmentshader">
      <Filter>Header Files\ShaderMachines\Gears\absolute_mode\TerrainLightingComputeGearBP</Filter>
    </None>
    <None Include="shaders\absolute_mode\TerrainLightingComputeGearT1.vertexshader">
      <Filter>Header Files\ShaderMachines\Gears\absolute_mode\TerrainLightingComputeGearT1</Filter>
    </None>
    <None Include="shaders\absolute_mode\TerrainLightingComputeGearT1.fragmentshader">
      <Filter>Header Files\ShaderMachines\Gears\absolute_mode\TerrainLightingComputeGearT1</Filter>
    </None>
    <None Include="shaders\absolute_mode\TerrainPrimitiveGearT1.fragmentshader">
      <Filter>Header Files\ShaderMachines\Gears\absolute_mode\TerrainPrimitiveGearT1</Filter>
    </None>
    <None Include="shaders\absolute_mode\TerrainPrimitiveGearT1.vertexshader">
      <Filter>Header Files\ShaderMachines\Gears\absolute_mode\TerrainPrimitiveGearT1</Filter>
    </None>
    <None Include="shaders\absolute_mode\TerrainSimpleGearT1.fragmentshader">
      <Filter>Header Files\ShaderMachines\Gears\absolute_mode\TerrainSimpleGearT1</Filter>
    </None>
    <None Include="shaders\absolute_mode\TerrainSimpleGearT1.vertexshader">
      <Filter>Header Files\ShaderMachines\Gears\absolute_mode\TerrainSimpleGearT1</Filter>
    </None>
    <None Include="shaders\absolute_mode\WaveHighlighterGearT1.fragmentshader">
      <Filter>Header Files\ShaderMachines\Gears\absolute_mode\WaveHighlighterGearT1</Filter>
    </None>
    <None Include="shaders\absolute_mode\WaveHighlighterGearT1.vertexshader">
      <Filter>Header Files\ShaderMachines\Gears\absolute_mode\WaveHighlighterGearT1</Filter>
    </None>
  </ItemGroup>
  <ItemGroup>
    <Text Include="shaders\absolute_mode\experimental_fragment.txt">
      <Filter>Old_Shaders\absolute</Filter>
    </Text>
    <Text Include="shaders\absolute_mode\Mode3_Experimental_Backup.txt">
      <Filter>Old_Shaders\absolute</Filter>
    </Text>
    <Text Include="shaders\absolute_mode\Mode3_new.txt">
      <Filter>Old_Shaders\absolute</Filter>
    </Text>
    <Text Include="shaders\absolute_mode\Mode3_newWorking.txt">
      <Filter>Old_Shaders\absolute</Filter>
    </Text>
    <Text Include="shaders\absolute_mode\Mode3_old.txt">
      <Filter>Old_Shaders\absolute</Filter>
    </Text>
  </ItemGroup>
</Project>